
Microsoft Visual Studio Solution File, Format Version 11.00
# Visual Studio 2010
Project("{FAE04EC0-301F-11D3-BF4B-00C04F79EFBC}") = "GPUVerifyVCGen", "GPUVerifyVCGen\GPUVerifyVCGen.csproj", "{E5D16606-06D0-434F-A9D7-7D079BC80229}"
EndProject
Project("{FAE04EC0-301F-11D3-BF4B-00C04F79EFBC}") = "GPUVerifyBoogieDriver", "GPUVerifyBoogieDriver\GPUVerifyBoogieDriver.csproj", "{FD2A2C67-1BD6-4A1A-B65B-B057267E24A3}"
EndProject
Project("{FAE04EC0-301F-11D3-BF4B-00C04F79EFBC}") = "GPUVerifyCruncher", "GPUVerifyCruncher\GPUVerifyCruncher.csproj", "{791E259B-B800-400F-8AA4-A92A565B3AA3}"
EndProject
Project("{FAE04EC0-301F-11D3-BF4B-00C04F79EFBC}") = "GPUVerifyLib", "GPUVerifyLib\GPUVerifyLib.csproj", "{5E7E9AF7-4166-4082-B88B-F7766023D877}"
EndProject
Project("{2150E333-8FDC-42A3-9474-1A3956D46DE8}") = "Boogie", "Boogie", "{8E33BE4E-9981-48D2-86FA-8269D8DBF4D3}"
EndProject
Project("{FAE04EC0-301F-11D3-BF4B-00C04F79EFBC}") = "Core", "boogie\Source\Core\Core.csproj", "{B230A69C-C466-4065-B9C1-84D80E76D802}"
EndProject
Project("{FAE04EC0-301F-11D3-BF4B-00C04F79EFBC}") = "AbsInt", "boogie\Source\AbsInt\AbsInt.csproj", "{0EFA3E43-690B-48DC-A72C-384A3EA7F31F}"
EndProject
Project("{FAE04EC0-301F-11D3-BF4B-00C04F79EFBC}") = "AIFramework", "boogie\Source\AIFramework\AIFramework.csproj", "{39B0658D-C955-41C5-9A43-48C97A1EF5FD}"
EndProject
Project("{FAE04EC0-301F-11D3-BF4B-00C04F79EFBC}") = "Basetypes", "boogie\Source\Basetypes\Basetypes.csproj", "{43DFAD18-3E35-4558-9BE2-CAFF6B5BA8A0}"
EndProject
Project("{FAE04EC0-301F-11D3-BF4B-00C04F79EFBC}") = "BoogieDriver", "boogie\Source\BoogieDriver\BoogieDriver.csproj", "{DAB6BAA4-7AF7-449F-96AB-F58F34D03A7A}"
EndProject
Project("{FAE04EC0-301F-11D3-BF4B-00C04F79EFBC}") = "BVD", "boogie\Source\BVD\BVD.csproj", "{8A05D14E-F2BF-4890-BBE0-D76B18A50797}"
EndProject
Project("{FAE04EC0-301F-11D3-BF4B-00C04F79EFBC}") = "CodeContractsExtender", "boogie\Source\CodeContractsExtender\CodeContractsExtender.csproj", "{ACCC0156-0921-43ED-8F67-AD8BDC8CDE31}"
EndProject
Project("{FAE04EC0-301F-11D3-BF4B-00C04F79EFBC}") = "Graph", "boogie\Source\Graph\Graph.csproj", "{69A2B0B8-BCAC-4101-AE7A-556FCC58C06E}"
EndProject
Project("{FAE04EC0-301F-11D3-BF4B-00C04F79EFBC}") = "ParserHelper", "boogie\Source\ParserHelper\ParserHelper.csproj", "{FCD3AC7F-9DFD-46C8-AB1E-09F0B0F16DC5}"
EndProject
Project("{FAE04EC0-301F-11D3-BF4B-00C04F79EFBC}") = "Concurrency", "boogie\Source\Concurrency\Concurrency.csproj", "{D07B8E38-E172-47F4-AD02-0373014A46D3}"
EndProject
Project("{FAE04EC0-301F-11D3-BF4B-00C04F79EFBC}") = "Doomed", "boogie\Source\Doomed\Doomed.csproj", "{884386A3-58E9-40BB-A273-B24976775553}"
EndProject
Project("{FAE04EC0-301F-11D3-BF4B-00C04F79EFBC}") = "ExecutionEngine", "boogie\Source\ExecutionEngine\ExecutionEngine.csproj", "{EAA5EB79-D475-4601-A59B-825C191CD25F}"
EndProject
Project("{FAE04EC0-301F-11D3-BF4B-00C04F79EFBC}") = "Houdini", "boogie\Source\Houdini\Houdini.csproj", "{CF41E903-78EB-43BA-A355-E5FEB5ECECD4}"
EndProject
Project("{FAE04EC0-301F-11D3-BF4B-00C04F79EFBC}") = "Predication", "boogie\Source\Predication\Predication.csproj", "{AFAA5CE1-C41B-44F0-88F8-FD8A43826D44}"
EndProject
Project("{FAE04EC0-301F-11D3-BF4B-00C04F79EFBC}") = "Model", "boogie\Source\Model\Model.csproj", "{ACEF88D5-DADD-46DA-BAE1-2144D63F4C83}"
EndProject
Project("{FAE04EC0-301F-11D3-BF4B-00C04F79EFBC}") = "ModelViewer", "boogie\Source\ModelViewer\ModelViewer.csproj", "{A678C6EB-B329-46A9-BBFC-7585F01ACD7C}"
EndProject
Project("{FAE04EC0-301F-11D3-BF4B-00C04F79EFBC}") = "VCExpr", "boogie\Source\VCExpr\VCExpr.csproj", "{56FFDBCA-7D14-43B8-A6CA-22A20E417EE1}"
EndProject
Project("{FAE04EC0-301F-11D3-BF4B-00C04F79EFBC}") = "VCGeneration", "boogie\Source\VCGeneration\VCGeneration.csproj", "{E1F10180-C7B9-4147-B51F-FA1B701966DC}"
EndProject
Project("{2150E333-8FDC-42A3-9474-1A3956D46DE8}") = "Provers", "Provers", "{1F7E6F04-4B67-42CA-A8B9-984B1438C95C}"
EndProject
Project("{FAE04EC0-301F-11D3-BF4B-00C04F79EFBC}") = "SMTLib", "boogie\Source\Provers\SMTLib\SMTLib.csproj", "{9B163AA3-36BC-4AFB-88AB-79BC9E97E401}"
EndProject
Global
	GlobalSection(SolutionConfigurationPlatforms) = preSolution
		Checked|Any CPU = Checked|Any CPU
		Checked|Mixed Platforms = Checked|Mixed Platforms
		Checked|x86 = Checked|x86
		Debug|Any CPU = Debug|Any CPU
		Debug|Mixed Platforms = Debug|Mixed Platforms
		Debug|x86 = Debug|x86
		Release|Any CPU = Release|Any CPU
		Release|Mixed Platforms = Release|Mixed Platforms
		Release|x86 = Release|x86
		z3apidebug|Any CPU = z3apidebug|Any CPU
		z3apidebug|Mixed Platforms = z3apidebug|Mixed Platforms
		z3apidebug|x86 = z3apidebug|x86
		QED|Any CPU = QED|Any CPU
		QED|x86 = QED|x86
	EndGlobalSection
	GlobalSection(ProjectConfigurationPlatforms) = postSolution
		{0EFA3E43-690B-48DC-A72C-384A3EA7F31F}.Checked|Any CPU.ActiveCfg = Checked|Any CPU
		{0EFA3E43-690B-48DC-A72C-384A3EA7F31F}.Checked|Any CPU.Build.0 = Checked|Any CPU
		{0EFA3E43-690B-48DC-A72C-384A3EA7F31F}.Checked|Mixed Platforms.ActiveCfg = Checked|Any CPU
		{0EFA3E43-690B-48DC-A72C-384A3EA7F31F}.Checked|Mixed Platforms.Build.0 = Checked|Any CPU
		{0EFA3E43-690B-48DC-A72C-384A3EA7F31F}.Checked|x86.ActiveCfg = Checked|x86
		{0EFA3E43-690B-48DC-A72C-384A3EA7F31F}.Checked|x86.Build.0 = Checked|x86
		{0EFA3E43-690B-48DC-A72C-384A3EA7F31F}.Debug|Any CPU.ActiveCfg = Debug|Any CPU
		{0EFA3E43-690B-48DC-A72C-384A3EA7F31F}.Debug|Any CPU.Build.0 = Debug|Any CPU
		{0EFA3E43-690B-48DC-A72C-384A3EA7F31F}.Debug|Mixed Platforms.ActiveCfg = Debug|Any CPU
		{0EFA3E43-690B-48DC-A72C-384A3EA7F31F}.Debug|Mixed Platforms.Build.0 = Debug|Any CPU
		{0EFA3E43-690B-48DC-A72C-384A3EA7F31F}.Debug|x86.ActiveCfg = Debug|x86
		{0EFA3E43-690B-48DC-A72C-384A3EA7F31F}.Debug|x86.Build.0 = Debug|x86
		{0EFA3E43-690B-48DC-A72C-384A3EA7F31F}.QED|Any CPU.ActiveCfg = QED|Any CPU
		{0EFA3E43-690B-48DC-A72C-384A3EA7F31F}.QED|Any CPU.Build.0 = QED|Any CPU
		{0EFA3E43-690B-48DC-A72C-384A3EA7F31F}.QED|x86.ActiveCfg = QED|x86
		{0EFA3E43-690B-48DC-A72C-384A3EA7F31F}.QED|x86.Build.0 = QED|x86
		{0EFA3E43-690B-48DC-A72C-384A3EA7F31F}.Release|Any CPU.ActiveCfg = Release|Any CPU
		{0EFA3E43-690B-48DC-A72C-384A3EA7F31F}.Release|Any CPU.Build.0 = Release|Any CPU
		{0EFA3E43-690B-48DC-A72C-384A3EA7F31F}.Release|Mixed Platforms.ActiveCfg = Release|Any CPU
		{0EFA3E43-690B-48DC-A72C-384A3EA7F31F}.Release|Mixed Platforms.Build.0 = Release|Any CPU
		{0EFA3E43-690B-48DC-A72C-384A3EA7F31F}.Release|x86.ActiveCfg = Release|x86
		{0EFA3E43-690B-48DC-A72C-384A3EA7F31F}.Release|x86.Build.0 = Release|x86
		{0EFA3E43-690B-48DC-A72C-384A3EA7F31F}.z3apidebug|Any CPU.ActiveCfg = z3apidebug|Any CPU
		{0EFA3E43-690B-48DC-A72C-384A3EA7F31F}.z3apidebug|Any CPU.Build.0 = z3apidebug|Any CPU
		{0EFA3E43-690B-48DC-A72C-384A3EA7F31F}.z3apidebug|Mixed Platforms.ActiveCfg = z3apidebug|Any CPU
		{0EFA3E43-690B-48DC-A72C-384A3EA7F31F}.z3apidebug|Mixed Platforms.Build.0 = z3apidebug|Any CPU
		{0EFA3E43-690B-48DC-A72C-384A3EA7F31F}.z3apidebug|x86.ActiveCfg = z3apidebug|x86
		{0EFA3E43-690B-48DC-A72C-384A3EA7F31F}.z3apidebug|x86.Build.0 = z3apidebug|x86
		{39B0658D-C955-41C5-9A43-48C97A1EF5FD}.Checked|Any CPU.ActiveCfg = Checked|Any CPU
		{39B0658D-C955-41C5-9A43-48C97A1EF5FD}.Checked|Any CPU.Build.0 = Checked|Any CPU
		{39B0658D-C955-41C5-9A43-48C97A1EF5FD}.Checked|Mixed Platforms.ActiveCfg = Checked|Any CPU
		{39B0658D-C955-41C5-9A43-48C97A1EF5FD}.Checked|Mixed Platforms.Build.0 = Checked|Any CPU
		{39B0658D-C955-41C5-9A43-48C97A1EF5FD}.Checked|x86.ActiveCfg = Checked|Any CPU
		{39B0658D-C955-41C5-9A43-48C97A1EF5FD}.Checked|x86.Build.0 = Checked|Any CPU
		{39B0658D-C955-41C5-9A43-48C97A1EF5FD}.Debug|Any CPU.ActiveCfg = Debug|Any CPU
		{39B0658D-C955-41C5-9A43-48C97A1EF5FD}.Debug|Any CPU.Build.0 = Debug|Any CPU
		{39B0658D-C955-41C5-9A43-48C97A1EF5FD}.Debug|Mixed Platforms.ActiveCfg = Debug|Any CPU
		{39B0658D-C955-41C5-9A43-48C97A1EF5FD}.Debug|Mixed Platforms.Build.0 = Debug|Any CPU
		{39B0658D-C955-41C5-9A43-48C97A1EF5FD}.Debug|x86.ActiveCfg = Debug|Any CPU
		{39B0658D-C955-41C5-9A43-48C97A1EF5FD}.Debug|x86.Build.0 = Debug|Any CPU
		{39B0658D-C955-41C5-9A43-48C97A1EF5FD}.QED|Any CPU.ActiveCfg = Debug|Any CPU
		{39B0658D-C955-41C5-9A43-48C97A1EF5FD}.QED|Any CPU.Build.0 = Debug|Any CPU
		{39B0658D-C955-41C5-9A43-48C97A1EF5FD}.QED|x86.ActiveCfg = Debug|Any CPU
		{39B0658D-C955-41C5-9A43-48C97A1EF5FD}.QED|x86.Build.0 = Debug|Any CPU
		{39B0658D-C955-41C5-9A43-48C97A1EF5FD}.Release|Any CPU.ActiveCfg = Release|Any CPU
		{39B0658D-C955-41C5-9A43-48C97A1EF5FD}.Release|Any CPU.Build.0 = Release|Any CPU
		{39B0658D-C955-41C5-9A43-48C97A1EF5FD}.Release|Mixed Platforms.ActiveCfg = Release|Any CPU
		{39B0658D-C955-41C5-9A43-48C97A1EF5FD}.Release|Mixed Platforms.Build.0 = Release|Any CPU
		{39B0658D-C955-41C5-9A43-48C97A1EF5FD}.Release|x86.ActiveCfg = Release|Any CPU
		{39B0658D-C955-41C5-9A43-48C97A1EF5FD}.Release|x86.Build.0 = Release|Any CPU
		{39B0658D-C955-41C5-9A43-48C97A1EF5FD}.z3apidebug|Any CPU.ActiveCfg = z3apidebug|Any CPU
		{39B0658D-C955-41C5-9A43-48C97A1EF5FD}.z3apidebug|Any CPU.Build.0 = z3apidebug|Any CPU
		{39B0658D-C955-41C5-9A43-48C97A1EF5FD}.z3apidebug|Mixed Platforms.ActiveCfg = z3apidebug|Any CPU
		{39B0658D-C955-41C5-9A43-48C97A1EF5FD}.z3apidebug|Mixed Platforms.Build.0 = z3apidebug|Any CPU
		{39B0658D-C955-41C5-9A43-48C97A1EF5FD}.z3apidebug|x86.ActiveCfg = z3apidebug|Any CPU
		{39B0658D-C955-41C5-9A43-48C97A1EF5FD}.z3apidebug|x86.Build.0 = z3apidebug|Any CPU
		{43DFAD18-3E35-4558-9BE2-CAFF6B5BA8A0}.Checked|Any CPU.ActiveCfg = Checked|Any CPU
		{43DFAD18-3E35-4558-9BE2-CAFF6B5BA8A0}.Checked|Any CPU.Build.0 = Checked|Any CPU
		{43DFAD18-3E35-4558-9BE2-CAFF6B5BA8A0}.Checked|Mixed Platforms.ActiveCfg = Checked|Any CPU
		{43DFAD18-3E35-4558-9BE2-CAFF6B5BA8A0}.Checked|Mixed Platforms.Build.0 = Checked|Any CPU
		{43DFAD18-3E35-4558-9BE2-CAFF6B5BA8A0}.Checked|x86.ActiveCfg = Checked|Any CPU
		{43DFAD18-3E35-4558-9BE2-CAFF6B5BA8A0}.Checked|x86.Build.0 = Checked|Any CPU
		{43DFAD18-3E35-4558-9BE2-CAFF6B5BA8A0}.Debug|Any CPU.ActiveCfg = Debug|Any CPU
		{43DFAD18-3E35-4558-9BE2-CAFF6B5BA8A0}.Debug|Any CPU.Build.0 = Debug|Any CPU
		{43DFAD18-3E35-4558-9BE2-CAFF6B5BA8A0}.Debug|Mixed Platforms.ActiveCfg = Debug|Any CPU
		{43DFAD18-3E35-4558-9BE2-CAFF6B5BA8A0}.Debug|Mixed Platforms.Build.0 = Debug|Any CPU
		{43DFAD18-3E35-4558-9BE2-CAFF6B5BA8A0}.Debug|x86.ActiveCfg = Debug|Any CPU
		{43DFAD18-3E35-4558-9BE2-CAFF6B5BA8A0}.Debug|x86.Build.0 = Debug|Any CPU
		{43DFAD18-3E35-4558-9BE2-CAFF6B5BA8A0}.QED|Any CPU.ActiveCfg = QED|Any CPU
		{43DFAD18-3E35-4558-9BE2-CAFF6B5BA8A0}.QED|Any CPU.Build.0 = QED|Any CPU
		{43DFAD18-3E35-4558-9BE2-CAFF6B5BA8A0}.QED|x86.ActiveCfg = QED|Any CPU
		{43DFAD18-3E35-4558-9BE2-CAFF6B5BA8A0}.QED|x86.Build.0 = QED|Any CPU
		{43DFAD18-3E35-4558-9BE2-CAFF6B5BA8A0}.Release|Any CPU.ActiveCfg = Release|Any CPU
		{43DFAD18-3E35-4558-9BE2-CAFF6B5BA8A0}.Release|Any CPU.Build.0 = Release|Any CPU
		{43DFAD18-3E35-4558-9BE2-CAFF6B5BA8A0}.Release|Mixed Platforms.ActiveCfg = Release|Any CPU
		{43DFAD18-3E35-4558-9BE2-CAFF6B5BA8A0}.Release|Mixed Platforms.Build.0 = Release|Any CPU
		{43DFAD18-3E35-4558-9BE2-CAFF6B5BA8A0}.Release|x86.ActiveCfg = Release|Any CPU
		{43DFAD18-3E35-4558-9BE2-CAFF6B5BA8A0}.Release|x86.Build.0 = Release|Any CPU
		{43DFAD18-3E35-4558-9BE2-CAFF6B5BA8A0}.z3apidebug|Any CPU.ActiveCfg = z3apidebug|Any CPU
		{43DFAD18-3E35-4558-9BE2-CAFF6B5BA8A0}.z3apidebug|Any CPU.Build.0 = z3apidebug|Any CPU
		{43DFAD18-3E35-4558-9BE2-CAFF6B5BA8A0}.z3apidebug|Mixed Platforms.ActiveCfg = z3apidebug|Any CPU
		{43DFAD18-3E35-4558-9BE2-CAFF6B5BA8A0}.z3apidebug|Mixed Platforms.Build.0 = z3apidebug|Any CPU
		{43DFAD18-3E35-4558-9BE2-CAFF6B5BA8A0}.z3apidebug|x86.ActiveCfg = z3apidebug|Any CPU
		{43DFAD18-3E35-4558-9BE2-CAFF6B5BA8A0}.z3apidebug|x86.Build.0 = z3apidebug|Any CPU
		{56FFDBCA-7D14-43B8-A6CA-22A20E417EE1}.Checked|Any CPU.ActiveCfg = Checked|Any CPU
		{56FFDBCA-7D14-43B8-A6CA-22A20E417EE1}.Checked|Any CPU.Build.0 = Checked|Any CPU
		{56FFDBCA-7D14-43B8-A6CA-22A20E417EE1}.Checked|Mixed Platforms.ActiveCfg = Checked|Any CPU
		{56FFDBCA-7D14-43B8-A6CA-22A20E417EE1}.Checked|Mixed Platforms.Build.0 = Checked|Any CPU
		{56FFDBCA-7D14-43B8-A6CA-22A20E417EE1}.Checked|x86.ActiveCfg = Checked|Any CPU
		{56FFDBCA-7D14-43B8-A6CA-22A20E417EE1}.Checked|x86.Build.0 = Checked|Any CPU
		{56FFDBCA-7D14-43B8-A6CA-22A20E417EE1}.Debug|Any CPU.ActiveCfg = Debug|Any CPU
		{56FFDBCA-7D14-43B8-A6CA-22A20E417EE1}.Debug|Any CPU.Build.0 = Debug|Any CPU
		{56FFDBCA-7D14-43B8-A6CA-22A20E417EE1}.Debug|Mixed Platforms.ActiveCfg = Debug|Any CPU
		{56FFDBCA-7D14-43B8-A6CA-22A20E417EE1}.Debug|Mixed Platforms.Build.0 = Debug|Any CPU
		{56FFDBCA-7D14-43B8-A6CA-22A20E417EE1}.Debug|x86.ActiveCfg = Debug|Any CPU
		{56FFDBCA-7D14-43B8-A6CA-22A20E417EE1}.Debug|x86.Build.0 = Debug|Any CPU
		{56FFDBCA-7D14-43B8-A6CA-22A20E417EE1}.QED|Any CPU.ActiveCfg = QED|Any CPU
		{56FFDBCA-7D14-43B8-A6CA-22A20E417EE1}.QED|Any CPU.Build.0 = QED|Any CPU
		{56FFDBCA-7D14-43B8-A6CA-22A20E417EE1}.QED|x86.ActiveCfg = QED|Any CPU
		{56FFDBCA-7D14-43B8-A6CA-22A20E417EE1}.QED|x86.Build.0 = QED|Any CPU
		{56FFDBCA-7D14-43B8-A6CA-22A20E417EE1}.Release|Any CPU.ActiveCfg = Release|Any CPU
		{56FFDBCA-7D14-43B8-A6CA-22A20E417EE1}.Release|Any CPU.Build.0 = Release|Any CPU
		{56FFDBCA-7D14-43B8-A6CA-22A20E417EE1}.Release|Mixed Platforms.ActiveCfg = Release|Any CPU
		{56FFDBCA-7D14-43B8-A6CA-22A20E417EE1}.Release|Mixed Platforms.Build.0 = Release|Any CPU
		{56FFDBCA-7D14-43B8-A6CA-22A20E417EE1}.Release|x86.ActiveCfg = Release|Any CPU
		{56FFDBCA-7D14-43B8-A6CA-22A20E417EE1}.Release|x86.Build.0 = Release|Any CPU
		{56FFDBCA-7D14-43B8-A6CA-22A20E417EE1}.z3apidebug|Any CPU.ActiveCfg = z3apidebug|Any CPU
		{56FFDBCA-7D14-43B8-A6CA-22A20E417EE1}.z3apidebug|Any CPU.Build.0 = z3apidebug|Any CPU
		{56FFDBCA-7D14-43B8-A6CA-22A20E417EE1}.z3apidebug|Mixed Platforms.ActiveCfg = z3apidebug|Any CPU
		{56FFDBCA-7D14-43B8-A6CA-22A20E417EE1}.z3apidebug|Mixed Platforms.Build.0 = z3apidebug|Any CPU
		{56FFDBCA-7D14-43B8-A6CA-22A20E417EE1}.z3apidebug|x86.ActiveCfg = z3apidebug|Any CPU
		{56FFDBCA-7D14-43B8-A6CA-22A20E417EE1}.z3apidebug|x86.Build.0 = z3apidebug|Any CPU
		{5E7E9AF7-4166-4082-B88B-F7766023D877}.Checked|Any CPU.ActiveCfg = Release|Any CPU
		{5E7E9AF7-4166-4082-B88B-F7766023D877}.Checked|Any CPU.Build.0 = Release|Any CPU
		{5E7E9AF7-4166-4082-B88B-F7766023D877}.Checked|Mixed Platforms.ActiveCfg = Release|Any CPU
		{5E7E9AF7-4166-4082-B88B-F7766023D877}.Checked|Mixed Platforms.Build.0 = Release|Any CPU
		{5E7E9AF7-4166-4082-B88B-F7766023D877}.Checked|x86.ActiveCfg = Release|Any CPU
		{5E7E9AF7-4166-4082-B88B-F7766023D877}.Checked|x86.Build.0 = Release|Any CPU
		{5E7E9AF7-4166-4082-B88B-F7766023D877}.Debug|Any CPU.ActiveCfg = Debug|Any CPU
		{5E7E9AF7-4166-4082-B88B-F7766023D877}.Debug|Any CPU.Build.0 = Debug|Any CPU
		{5E7E9AF7-4166-4082-B88B-F7766023D877}.Debug|Mixed Platforms.ActiveCfg = Debug|Any CPU
		{5E7E9AF7-4166-4082-B88B-F7766023D877}.Debug|Mixed Platforms.Build.0 = Debug|Any CPU
		{5E7E9AF7-4166-4082-B88B-F7766023D877}.Debug|x86.ActiveCfg = Debug|Any CPU
		{5E7E9AF7-4166-4082-B88B-F7766023D877}.Debug|x86.Build.0 = Debug|Any CPU
		{5E7E9AF7-4166-4082-B88B-F7766023D877}.QED|Any CPU.ActiveCfg = Debug|Any CPU
		{5E7E9AF7-4166-4082-B88B-F7766023D877}.QED|Any CPU.Build.0 = Debug|Any CPU
		{5E7E9AF7-4166-4082-B88B-F7766023D877}.QED|x86.ActiveCfg = Debug|Any CPU
		{5E7E9AF7-4166-4082-B88B-F7766023D877}.QED|x86.Build.0 = Debug|Any CPU
		{5E7E9AF7-4166-4082-B88B-F7766023D877}.Release|Any CPU.ActiveCfg = Release|Any CPU
		{5E7E9AF7-4166-4082-B88B-F7766023D877}.Release|Any CPU.Build.0 = Release|Any CPU
		{5E7E9AF7-4166-4082-B88B-F7766023D877}.Release|Mixed Platforms.ActiveCfg = Release|Any CPU
		{5E7E9AF7-4166-4082-B88B-F7766023D877}.Release|Mixed Platforms.Build.0 = Release|Any CPU
		{5E7E9AF7-4166-4082-B88B-F7766023D877}.Release|x86.ActiveCfg = Release|Any CPU
		{5E7E9AF7-4166-4082-B88B-F7766023D877}.Release|x86.Build.0 = Release|Any CPU
		{5E7E9AF7-4166-4082-B88B-F7766023D877}.z3apidebug|Any CPU.ActiveCfg = Release|Any CPU
		{5E7E9AF7-4166-4082-B88B-F7766023D877}.z3apidebug|Any CPU.Build.0 = Release|Any CPU
		{5E7E9AF7-4166-4082-B88B-F7766023D877}.z3apidebug|Mixed Platforms.ActiveCfg = Release|Any CPU
		{5E7E9AF7-4166-4082-B88B-F7766023D877}.z3apidebug|Mixed Platforms.Build.0 = Release|Any CPU
		{5E7E9AF7-4166-4082-B88B-F7766023D877}.z3apidebug|x86.ActiveCfg = Release|Any CPU
		{5E7E9AF7-4166-4082-B88B-F7766023D877}.z3apidebug|x86.Build.0 = Release|Any CPU
		{69A2B0B8-BCAC-4101-AE7A-556FCC58C06E}.Checked|Any CPU.ActiveCfg = Checked|Any CPU
		{69A2B0B8-BCAC-4101-AE7A-556FCC58C06E}.Checked|Any CPU.Build.0 = Checked|Any CPU
		{69A2B0B8-BCAC-4101-AE7A-556FCC58C06E}.Checked|Mixed Platforms.ActiveCfg = Checked|Any CPU
		{69A2B0B8-BCAC-4101-AE7A-556FCC58C06E}.Checked|Mixed Platforms.Build.0 = Checked|Any CPU
		{69A2B0B8-BCAC-4101-AE7A-556FCC58C06E}.Checked|x86.ActiveCfg = Checked|Any CPU
		{69A2B0B8-BCAC-4101-AE7A-556FCC58C06E}.Checked|x86.Build.0 = Checked|Any CPU
		{69A2B0B8-BCAC-4101-AE7A-556FCC58C06E}.Debug|Any CPU.ActiveCfg = Debug|Any CPU
		{69A2B0B8-BCAC-4101-AE7A-556FCC58C06E}.Debug|Any CPU.Build.0 = Debug|Any CPU
		{69A2B0B8-BCAC-4101-AE7A-556FCC58C06E}.Debug|Mixed Platforms.ActiveCfg = Debug|Any CPU
		{69A2B0B8-BCAC-4101-AE7A-556FCC58C06E}.Debug|Mixed Platforms.Build.0 = Debug|Any CPU
		{69A2B0B8-BCAC-4101-AE7A-556FCC58C06E}.Debug|x86.ActiveCfg = Debug|Any CPU
		{69A2B0B8-BCAC-4101-AE7A-556FCC58C06E}.Debug|x86.Build.0 = Debug|Any CPU
		{69A2B0B8-BCAC-4101-AE7A-556FCC58C06E}.QED|Any CPU.ActiveCfg = QED|Any CPU
		{69A2B0B8-BCAC-4101-AE7A-556FCC58C06E}.QED|Any CPU.Build.0 = QED|Any CPU
		{69A2B0B8-BCAC-4101-AE7A-556FCC58C06E}.QED|x86.ActiveCfg = QED|Any CPU
		{69A2B0B8-BCAC-4101-AE7A-556FCC58C06E}.QED|x86.Build.0 = QED|Any CPU
		{69A2B0B8-BCAC-4101-AE7A-556FCC58C06E}.Release|Any CPU.ActiveCfg = Release|Any CPU
		{69A2B0B8-BCAC-4101-AE7A-556FCC58C06E}.Release|Any CPU.Build.0 = Release|Any CPU
		{69A2B0B8-BCAC-4101-AE7A-556FCC58C06E}.Release|Mixed Platforms.ActiveCfg = Release|Any CPU
		{69A2B0B8-BCAC-4101-AE7A-556FCC58C06E}.Release|Mixed Platforms.Build.0 = Release|Any CPU
		{69A2B0B8-BCAC-4101-AE7A-556FCC58C06E}.Release|x86.ActiveCfg = Release|Any CPU
		{69A2B0B8-BCAC-4101-AE7A-556FCC58C06E}.Release|x86.Build.0 = Release|Any CPU
		{69A2B0B8-BCAC-4101-AE7A-556FCC58C06E}.z3apidebug|Any CPU.ActiveCfg = z3apidebug|Any CPU
		{69A2B0B8-BCAC-4101-AE7A-556FCC58C06E}.z3apidebug|Any CPU.Build.0 = z3apidebug|Any CPU
		{69A2B0B8-BCAC-4101-AE7A-556FCC58C06E}.z3apidebug|Mixed Platforms.ActiveCfg = z3apidebug|Any CPU
		{69A2B0B8-BCAC-4101-AE7A-556FCC58C06E}.z3apidebug|Mixed Platforms.Build.0 = z3apidebug|Any CPU
		{69A2B0B8-BCAC-4101-AE7A-556FCC58C06E}.z3apidebug|x86.ActiveCfg = z3apidebug|Any CPU
		{69A2B0B8-BCAC-4101-AE7A-556FCC58C06E}.z3apidebug|x86.Build.0 = z3apidebug|Any CPU
		{791E259B-B800-400F-8AA4-A92A565B3AA3}.Checked|Any CPU.ActiveCfg = Release|Any CPU
		{791E259B-B800-400F-8AA4-A92A565B3AA3}.Checked|Any CPU.Build.0 = Release|Any CPU
		{791E259B-B800-400F-8AA4-A92A565B3AA3}.Checked|Mixed Platforms.ActiveCfg = Release|Any CPU
		{791E259B-B800-400F-8AA4-A92A565B3AA3}.Checked|Mixed Platforms.Build.0 = Release|Any CPU
		{791E259B-B800-400F-8AA4-A92A565B3AA3}.Checked|x86.ActiveCfg = Release|Any CPU
		{791E259B-B800-400F-8AA4-A92A565B3AA3}.Checked|x86.Build.0 = Release|Any CPU
		{791E259B-B800-400F-8AA4-A92A565B3AA3}.Debug|Any CPU.ActiveCfg = Debug|Any CPU
		{791E259B-B800-400F-8AA4-A92A565B3AA3}.Debug|Any CPU.Build.0 = Debug|Any CPU
		{791E259B-B800-400F-8AA4-A92A565B3AA3}.Debug|Mixed Platforms.ActiveCfg = Debug|Any CPU
		{791E259B-B800-400F-8AA4-A92A565B3AA3}.Debug|Mixed Platforms.Build.0 = Debug|Any CPU
		{791E259B-B800-400F-8AA4-A92A565B3AA3}.Debug|x86.ActiveCfg = Debug|Any CPU
		{791E259B-B800-400F-8AA4-A92A565B3AA3}.Debug|x86.Build.0 = Debug|Any CPU
		{791E259B-B800-400F-8AA4-A92A565B3AA3}.QED|Any CPU.ActiveCfg = Debug|Any CPU
		{791E259B-B800-400F-8AA4-A92A565B3AA3}.QED|Any CPU.Build.0 = Debug|Any CPU
		{791E259B-B800-400F-8AA4-A92A565B3AA3}.QED|x86.ActiveCfg = Debug|Any CPU
		{791E259B-B800-400F-8AA4-A92A565B3AA3}.QED|x86.Build.0 = Debug|Any CPU
		{791E259B-B800-400F-8AA4-A92A565B3AA3}.Release|Any CPU.ActiveCfg = Release|Any CPU
		{791E259B-B800-400F-8AA4-A92A565B3AA3}.Release|Any CPU.Build.0 = Release|Any CPU
		{791E259B-B800-400F-8AA4-A92A565B3AA3}.Release|Mixed Platforms.ActiveCfg = Release|Any CPU
		{791E259B-B800-400F-8AA4-A92A565B3AA3}.Release|Mixed Platforms.Build.0 = Release|Any CPU
		{791E259B-B800-400F-8AA4-A92A565B3AA3}.Release|x86.ActiveCfg = Release|Any CPU
		{791E259B-B800-400F-8AA4-A92A565B3AA3}.Release|x86.Build.0 = Release|Any CPU
		{791E259B-B800-400F-8AA4-A92A565B3AA3}.z3apidebug|Any CPU.ActiveCfg = Release|Any CPU
		{791E259B-B800-400F-8AA4-A92A565B3AA3}.z3apidebug|Any CPU.Build.0 = Release|Any CPU
		{791E259B-B800-400F-8AA4-A92A565B3AA3}.z3apidebug|Mixed Platforms.ActiveCfg = Release|Any CPU
		{791E259B-B800-400F-8AA4-A92A565B3AA3}.z3apidebug|Mixed Platforms.Build.0 = Release|Any CPU
		{791E259B-B800-400F-8AA4-A92A565B3AA3}.z3apidebug|x86.ActiveCfg = Release|Any CPU
		{791E259B-B800-400F-8AA4-A92A565B3AA3}.z3apidebug|x86.Build.0 = Release|Any CPU
		{884386A3-58E9-40BB-A273-B24976775553}.Checked|Any CPU.ActiveCfg = Release|Any CPU
		{884386A3-58E9-40BB-A273-B24976775553}.Checked|Any CPU.Build.0 = Release|Any CPU
		{884386A3-58E9-40BB-A273-B24976775553}.Checked|Mixed Platforms.ActiveCfg = Release|Any CPU
		{884386A3-58E9-40BB-A273-B24976775553}.Checked|Mixed Platforms.Build.0 = Release|Any CPU
		{884386A3-58E9-40BB-A273-B24976775553}.Checked|x86.ActiveCfg = Release|Any CPU
		{884386A3-58E9-40BB-A273-B24976775553}.Checked|x86.Build.0 = Release|Any CPU
		{884386A3-58E9-40BB-A273-B24976775553}.Debug|Any CPU.ActiveCfg = Debug|Any CPU
		{884386A3-58E9-40BB-A273-B24976775553}.Debug|Any CPU.Build.0 = Debug|Any CPU
		{884386A3-58E9-40BB-A273-B24976775553}.Debug|Mixed Platforms.ActiveCfg = Debug|Any CPU
		{884386A3-58E9-40BB-A273-B24976775553}.Debug|Mixed Platforms.Build.0 = Debug|Any CPU
		{884386A3-58E9-40BB-A273-B24976775553}.Debug|x86.ActiveCfg = Debug|Any CPU
		{884386A3-58E9-40BB-A273-B24976775553}.Debug|x86.Build.0 = Debug|Any CPU
		{884386A3-58E9-40BB-A273-B24976775553}.QED|Any CPU.ActiveCfg = QED|Any CPU
		{884386A3-58E9-40BB-A273-B24976775553}.QED|Any CPU.Build.0 = QED|Any CPU
		{884386A3-58E9-40BB-A273-B24976775553}.QED|x86.ActiveCfg = QED|Any CPU
		{884386A3-58E9-40BB-A273-B24976775553}.QED|x86.Build.0 = QED|Any CPU
		{884386A3-58E9-40BB-A273-B24976775553}.Release|Any CPU.ActiveCfg = Release|Any CPU
		{884386A3-58E9-40BB-A273-B24976775553}.Release|Any CPU.Build.0 = Release|Any CPU
		{884386A3-58E9-40BB-A273-B24976775553}.Release|Mixed Platforms.ActiveCfg = Release|Any CPU
		{884386A3-58E9-40BB-A273-B24976775553}.Release|Mixed Platforms.Build.0 = Release|Any CPU
		{884386A3-58E9-40BB-A273-B24976775553}.Release|x86.ActiveCfg = Release|Any CPU
		{884386A3-58E9-40BB-A273-B24976775553}.Release|x86.Build.0 = Release|Any CPU
		{884386A3-58E9-40BB-A273-B24976775553}.z3apidebug|Any CPU.ActiveCfg = Release|Any CPU
		{884386A3-58E9-40BB-A273-B24976775553}.z3apidebug|Any CPU.Build.0 = Release|Any CPU
		{884386A3-58E9-40BB-A273-B24976775553}.z3apidebug|Mixed Platforms.ActiveCfg = Release|Any CPU
		{884386A3-58E9-40BB-A273-B24976775553}.z3apidebug|Mixed Platforms.Build.0 = Release|Any CPU
		{884386A3-58E9-40BB-A273-B24976775553}.z3apidebug|x86.ActiveCfg = Release|Any CPU
		{884386A3-58E9-40BB-A273-B24976775553}.z3apidebug|x86.Build.0 = Release|Any CPU
		{8A05D14E-F2BF-4890-BBE0-D76B18A50797}.Checked|Any CPU.ActiveCfg = Release|Any CPU
		{8A05D14E-F2BF-4890-BBE0-D76B18A50797}.Checked|Any CPU.Build.0 = Release|Any CPU
		{8A05D14E-F2BF-4890-BBE0-D76B18A50797}.Checked|Mixed Platforms.ActiveCfg = Release|Any CPU
		{8A05D14E-F2BF-4890-BBE0-D76B18A50797}.Checked|Mixed Platforms.Build.0 = Release|Any CPU
		{8A05D14E-F2BF-4890-BBE0-D76B18A50797}.Checked|x86.ActiveCfg = Release|Any CPU
		{8A05D14E-F2BF-4890-BBE0-D76B18A50797}.Checked|x86.Build.0 = Release|Any CPU
		{8A05D14E-F2BF-4890-BBE0-D76B18A50797}.Debug|Any CPU.ActiveCfg = Debug|Any CPU
		{8A05D14E-F2BF-4890-BBE0-D76B18A50797}.Debug|Any CPU.Build.0 = Debug|Any CPU
		{8A05D14E-F2BF-4890-BBE0-D76B18A50797}.Debug|Mixed Platforms.ActiveCfg = Debug|Any CPU
		{8A05D14E-F2BF-4890-BBE0-D76B18A50797}.Debug|Mixed Platforms.Build.0 = Debug|Any CPU
		{8A05D14E-F2BF-4890-BBE0-D76B18A50797}.Debug|x86.ActiveCfg = Debug|Any CPU
		{8A05D14E-F2BF-4890-BBE0-D76B18A50797}.Debug|x86.Build.0 = Debug|Any CPU
		{8A05D14E-F2BF-4890-BBE0-D76B18A50797}.QED|Any CPU.ActiveCfg = QED|Any CPU
		{8A05D14E-F2BF-4890-BBE0-D76B18A50797}.QED|Any CPU.Build.0 = QED|Any CPU
		{8A05D14E-F2BF-4890-BBE0-D76B18A50797}.QED|x86.ActiveCfg = QED|Any CPU
		{8A05D14E-F2BF-4890-BBE0-D76B18A50797}.QED|x86.Build.0 = QED|Any CPU
		{8A05D14E-F2BF-4890-BBE0-D76B18A50797}.Release|Any CPU.ActiveCfg = Release|Any CPU
		{8A05D14E-F2BF-4890-BBE0-D76B18A50797}.Release|Any CPU.Build.0 = Release|Any CPU
		{8A05D14E-F2BF-4890-BBE0-D76B18A50797}.Release|Mixed Platforms.ActiveCfg = Release|Any CPU
		{8A05D14E-F2BF-4890-BBE0-D76B18A50797}.Release|Mixed Platforms.Build.0 = Release|Any CPU
		{8A05D14E-F2BF-4890-BBE0-D76B18A50797}.Release|x86.ActiveCfg = Release|Any CPU
		{8A05D14E-F2BF-4890-BBE0-D76B18A50797}.Release|x86.Build.0 = Release|Any CPU
		{8A05D14E-F2BF-4890-BBE0-D76B18A50797}.z3apidebug|Any CPU.ActiveCfg = Release|Any CPU
		{8A05D14E-F2BF-4890-BBE0-D76B18A50797}.z3apidebug|Any CPU.Build.0 = Release|Any CPU
		{8A05D14E-F2BF-4890-BBE0-D76B18A50797}.z3apidebug|Mixed Platforms.ActiveCfg = Release|Any CPU
		{8A05D14E-F2BF-4890-BBE0-D76B18A50797}.z3apidebug|Mixed Platforms.Build.0 = Release|Any CPU
		{8A05D14E-F2BF-4890-BBE0-D76B18A50797}.z3apidebug|x86.ActiveCfg = Release|Any CPU
		{8A05D14E-F2BF-4890-BBE0-D76B18A50797}.z3apidebug|x86.Build.0 = Release|Any CPU
		{9B163AA3-36BC-4AFB-88AB-79BC9E97E401}.Checked|Any CPU.ActiveCfg = Checked|Any CPU
		{9B163AA3-36BC-4AFB-88AB-79BC9E97E401}.Checked|Any CPU.Build.0 = Checked|Any CPU
		{9B163AA3-36BC-4AFB-88AB-79BC9E97E401}.Checked|Mixed Platforms.ActiveCfg = Checked|Any CPU
		{9B163AA3-36BC-4AFB-88AB-79BC9E97E401}.Checked|Mixed Platforms.Build.0 = Checked|Any CPU
		{9B163AA3-36BC-4AFB-88AB-79BC9E97E401}.Checked|x86.ActiveCfg = Checked|Any CPU
		{9B163AA3-36BC-4AFB-88AB-79BC9E97E401}.Checked|x86.Build.0 = Checked|Any CPU
		{9B163AA3-36BC-4AFB-88AB-79BC9E97E401}.Debug|Any CPU.ActiveCfg = Debug|Any CPU
		{9B163AA3-36BC-4AFB-88AB-79BC9E97E401}.Debug|Any CPU.Build.0 = Debug|Any CPU
		{9B163AA3-36BC-4AFB-88AB-79BC9E97E401}.Debug|Mixed Platforms.ActiveCfg = Debug|Any CPU
		{9B163AA3-36BC-4AFB-88AB-79BC9E97E401}.Debug|Mixed Platforms.Build.0 = Debug|Any CPU
		{9B163AA3-36BC-4AFB-88AB-79BC9E97E401}.Debug|x86.ActiveCfg = Debug|Any CPU
		{9B163AA3-36BC-4AFB-88AB-79BC9E97E401}.Debug|x86.Build.0 = Debug|Any CPU
		{9B163AA3-36BC-4AFB-88AB-79BC9E97E401}.QED|Any CPU.ActiveCfg = QED|Any CPU
		{9B163AA3-36BC-4AFB-88AB-79BC9E97E401}.QED|Any CPU.Build.0 = QED|Any CPU
		{9B163AA3-36BC-4AFB-88AB-79BC9E97E401}.QED|x86.ActiveCfg = QED|Any CPU
		{9B163AA3-36BC-4AFB-88AB-79BC9E97E401}.QED|x86.Build.0 = QED|Any CPU
		{9B163AA3-36BC-4AFB-88AB-79BC9E97E401}.Release|Any CPU.ActiveCfg = Release|Any CPU
		{9B163AA3-36BC-4AFB-88AB-79BC9E97E401}.Release|Any CPU.Build.0 = Release|Any CPU
		{9B163AA3-36BC-4AFB-88AB-79BC9E97E401}.Release|Mixed Platforms.ActiveCfg = Release|Any CPU
		{9B163AA3-36BC-4AFB-88AB-79BC9E97E401}.Release|Mixed Platforms.Build.0 = Release|Any CPU
		{9B163AA3-36BC-4AFB-88AB-79BC9E97E401}.Release|x86.ActiveCfg = Release|Any CPU
		{9B163AA3-36BC-4AFB-88AB-79BC9E97E401}.Release|x86.Build.0 = Release|Any CPU
		{9B163AA3-36BC-4AFB-88AB-79BC9E97E401}.z3apidebug|Any CPU.ActiveCfg = z3apidebug|Any CPU
		{9B163AA3-36BC-4AFB-88AB-79BC9E97E401}.z3apidebug|Any CPU.Build.0 = z3apidebug|Any CPU
		{9B163AA3-36BC-4AFB-88AB-79BC9E97E401}.z3apidebug|Mixed Platforms.ActiveCfg = z3apidebug|Any CPU
		{9B163AA3-36BC-4AFB-88AB-79BC9E97E401}.z3apidebug|Mixed Platforms.Build.0 = z3apidebug|Any CPU
		{9B163AA3-36BC-4AFB-88AB-79BC9E97E401}.z3apidebug|x86.ActiveCfg = z3apidebug|Any CPU
		{9B163AA3-36BC-4AFB-88AB-79BC9E97E401}.z3apidebug|x86.Build.0 = z3apidebug|Any CPU
		{A678C6EB-B329-46A9-BBFC-7585F01ACD7C}.Checked|Any CPU.ActiveCfg = Checked|x86
		{A678C6EB-B329-46A9-BBFC-7585F01ACD7C}.Checked|Any CPU.Build.0 = Checked|x86
		{A678C6EB-B329-46A9-BBFC-7585F01ACD7C}.Checked|Mixed Platforms.ActiveCfg = Checked|x86
		{A678C6EB-B329-46A9-BBFC-7585F01ACD7C}.Checked|Mixed Platforms.Build.0 = Checked|x86
		{A678C6EB-B329-46A9-BBFC-7585F01ACD7C}.Checked|x86.ActiveCfg = Checked|x86
		{A678C6EB-B329-46A9-BBFC-7585F01ACD7C}.Checked|x86.Build.0 = Checked|x86
		{A678C6EB-B329-46A9-BBFC-7585F01ACD7C}.Debug|Any CPU.ActiveCfg = Debug|x86
		{A678C6EB-B329-46A9-BBFC-7585F01ACD7C}.Debug|Any CPU.Build.0 = Debug|x86
		{A678C6EB-B329-46A9-BBFC-7585F01ACD7C}.Debug|Mixed Platforms.ActiveCfg = Debug|x86
		{A678C6EB-B329-46A9-BBFC-7585F01ACD7C}.Debug|Mixed Platforms.Build.0 = Debug|x86
		{A678C6EB-B329-46A9-BBFC-7585F01ACD7C}.Debug|x86.ActiveCfg = Debug|x86
		{A678C6EB-B329-46A9-BBFC-7585F01ACD7C}.Debug|x86.Build.0 = Debug|x86
		{A678C6EB-B329-46A9-BBFC-7585F01ACD7C}.QED|Any CPU.ActiveCfg = Debug|x86
		{A678C6EB-B329-46A9-BBFC-7585F01ACD7C}.QED|Any CPU.Build.0 = Debug|x86
		{A678C6EB-B329-46A9-BBFC-7585F01ACD7C}.QED|x86.ActiveCfg = QED|x86
		{A678C6EB-B329-46A9-BBFC-7585F01ACD7C}.QED|x86.Build.0 = QED|x86
		{A678C6EB-B329-46A9-BBFC-7585F01ACD7C}.Release|Any CPU.ActiveCfg = Release|x86
		{A678C6EB-B329-46A9-BBFC-7585F01ACD7C}.Release|Any CPU.Build.0 = Release|x86
		{A678C6EB-B329-46A9-BBFC-7585F01ACD7C}.Release|Mixed Platforms.ActiveCfg = Release|x86
		{A678C6EB-B329-46A9-BBFC-7585F01ACD7C}.Release|Mixed Platforms.Build.0 = Release|x86
		{A678C6EB-B329-46A9-BBFC-7585F01ACD7C}.Release|x86.ActiveCfg = Release|x86
		{A678C6EB-B329-46A9-BBFC-7585F01ACD7C}.Release|x86.Build.0 = Release|x86
		{A678C6EB-B329-46A9-BBFC-7585F01ACD7C}.z3apidebug|Any CPU.ActiveCfg = Debug|x86
		{A678C6EB-B329-46A9-BBFC-7585F01ACD7C}.z3apidebug|Any CPU.Build.0 = Debug|x86
		{A678C6EB-B329-46A9-BBFC-7585F01ACD7C}.z3apidebug|Mixed Platforms.ActiveCfg = Debug|x86
		{A678C6EB-B329-46A9-BBFC-7585F01ACD7C}.z3apidebug|Mixed Platforms.Build.0 = Debug|x86
		{A678C6EB-B329-46A9-BBFC-7585F01ACD7C}.z3apidebug|x86.ActiveCfg = Debug|x86
		{A678C6EB-B329-46A9-BBFC-7585F01ACD7C}.z3apidebug|x86.Build.0 = Debug|x86
		{ACCC0156-0921-43ED-8F67-AD8BDC8CDE31}.Checked|Any CPU.ActiveCfg = Checked|Any CPU
		{ACCC0156-0921-43ED-8F67-AD8BDC8CDE31}.Checked|Any CPU.Build.0 = Checked|Any CPU
		{ACCC0156-0921-43ED-8F67-AD8BDC8CDE31}.Checked|Mixed Platforms.ActiveCfg = Checked|Any CPU
		{ACCC0156-0921-43ED-8F67-AD8BDC8CDE31}.Checked|Mixed Platforms.Build.0 = Checked|Any CPU
		{ACCC0156-0921-43ED-8F67-AD8BDC8CDE31}.Checked|x86.ActiveCfg = Checked|Any CPU
		{ACCC0156-0921-43ED-8F67-AD8BDC8CDE31}.Checked|x86.Build.0 = Checked|Any CPU
		{ACCC0156-0921-43ED-8F67-AD8BDC8CDE31}.Debug|Any CPU.ActiveCfg = Debug|Any CPU
		{ACCC0156-0921-43ED-8F67-AD8BDC8CDE31}.Debug|Any CPU.Build.0 = Debug|Any CPU
		{ACCC0156-0921-43ED-8F67-AD8BDC8CDE31}.Debug|Mixed Platforms.ActiveCfg = Debug|Any CPU
		{ACCC0156-0921-43ED-8F67-AD8BDC8CDE31}.Debug|Mixed Platforms.Build.0 = Debug|Any CPU
		{ACCC0156-0921-43ED-8F67-AD8BDC8CDE31}.Debug|x86.ActiveCfg = Debug|Any CPU
		{ACCC0156-0921-43ED-8F67-AD8BDC8CDE31}.Debug|x86.Build.0 = Debug|Any CPU
		{ACCC0156-0921-43ED-8F67-AD8BDC8CDE31}.QED|Any CPU.ActiveCfg = QED|Any CPU
		{ACCC0156-0921-43ED-8F67-AD8BDC8CDE31}.QED|Any CPU.Build.0 = QED|Any CPU
		{ACCC0156-0921-43ED-8F67-AD8BDC8CDE31}.QED|x86.ActiveCfg = QED|Any CPU
		{ACCC0156-0921-43ED-8F67-AD8BDC8CDE31}.QED|x86.Build.0 = QED|Any CPU
		{ACCC0156-0921-43ED-8F67-AD8BDC8CDE31}.Release|Any CPU.ActiveCfg = Release|Any CPU
		{ACCC0156-0921-43ED-8F67-AD8BDC8CDE31}.Release|Any CPU.Build.0 = Release|Any CPU
		{ACCC0156-0921-43ED-8F67-AD8BDC8CDE31}.Release|Mixed Platforms.ActiveCfg = Release|Any CPU
		{ACCC0156-0921-43ED-8F67-AD8BDC8CDE31}.Release|Mixed Platforms.Build.0 = Release|Any CPU
		{ACCC0156-0921-43ED-8F67-AD8BDC8CDE31}.Release|x86.ActiveCfg = Release|Any CPU
		{ACCC0156-0921-43ED-8F67-AD8BDC8CDE31}.Release|x86.Build.0 = Release|Any CPU
		{ACCC0156-0921-43ED-8F67-AD8BDC8CDE31}.z3apidebug|Any CPU.ActiveCfg = z3apidebug|Any CPU
		{ACCC0156-0921-43ED-8F67-AD8BDC8CDE31}.z3apidebug|Any CPU.Build.0 = z3apidebug|Any CPU
		{ACCC0156-0921-43ED-8F67-AD8BDC8CDE31}.z3apidebug|Mixed Platforms.ActiveCfg = z3apidebug|Any CPU
		{ACCC0156-0921-43ED-8F67-AD8BDC8CDE31}.z3apidebug|Mixed Platforms.Build.0 = z3apidebug|Any CPU
		{ACCC0156-0921-43ED-8F67-AD8BDC8CDE31}.z3apidebug|x86.ActiveCfg = z3apidebug|Any CPU
		{ACCC0156-0921-43ED-8F67-AD8BDC8CDE31}.z3apidebug|x86.Build.0 = z3apidebug|Any CPU
		{ACEF88D5-DADD-46DA-BAE1-2144D63F4C83}.Checked|Any CPU.ActiveCfg = Checked|Any CPU
		{ACEF88D5-DADD-46DA-BAE1-2144D63F4C83}.Checked|Any CPU.Build.0 = Checked|Any CPU
		{ACEF88D5-DADD-46DA-BAE1-2144D63F4C83}.Checked|Mixed Platforms.ActiveCfg = Checked|Any CPU
		{ACEF88D5-DADD-46DA-BAE1-2144D63F4C83}.Checked|Mixed Platforms.Build.0 = Checked|Any CPU
		{ACEF88D5-DADD-46DA-BAE1-2144D63F4C83}.Checked|x86.ActiveCfg = Checked|Any CPU
		{ACEF88D5-DADD-46DA-BAE1-2144D63F4C83}.Checked|x86.Build.0 = Checked|Any CPU
		{ACEF88D5-DADD-46DA-BAE1-2144D63F4C83}.Debug|Any CPU.ActiveCfg = Debug|Any CPU
		{ACEF88D5-DADD-46DA-BAE1-2144D63F4C83}.Debug|Any CPU.Build.0 = Debug|Any CPU
		{ACEF88D5-DADD-46DA-BAE1-2144D63F4C83}.Debug|Mixed Platforms.ActiveCfg = Debug|Any CPU
		{ACEF88D5-DADD-46DA-BAE1-2144D63F4C83}.Debug|Mixed Platforms.Build.0 = Debug|Any CPU
		{ACEF88D5-DADD-46DA-BAE1-2144D63F4C83}.Debug|x86.ActiveCfg = Debug|Any CPU
		{ACEF88D5-DADD-46DA-BAE1-2144D63F4C83}.Debug|x86.Build.0 = Debug|Any CPU
		{ACEF88D5-DADD-46DA-BAE1-2144D63F4C83}.QED|Any CPU.ActiveCfg = QED|Any CPU
		{ACEF88D5-DADD-46DA-BAE1-2144D63F4C83}.QED|Any CPU.Build.0 = QED|Any CPU
		{ACEF88D5-DADD-46DA-BAE1-2144D63F4C83}.QED|x86.ActiveCfg = QED|Any CPU
		{ACEF88D5-DADD-46DA-BAE1-2144D63F4C83}.QED|x86.Build.0 = QED|Any CPU
		{ACEF88D5-DADD-46DA-BAE1-2144D63F4C83}.Release|Any CPU.ActiveCfg = Release|Any CPU
		{ACEF88D5-DADD-46DA-BAE1-2144D63F4C83}.Release|Any CPU.Build.0 = Release|Any CPU
		{ACEF88D5-DADD-46DA-BAE1-2144D63F4C83}.Release|Mixed Platforms.ActiveCfg = Release|Any CPU
		{ACEF88D5-DADD-46DA-BAE1-2144D63F4C83}.Release|Mixed Platforms.Build.0 = Release|Any CPU
		{ACEF88D5-DADD-46DA-BAE1-2144D63F4C83}.Release|x86.ActiveCfg = Release|Any CPU
		{ACEF88D5-DADD-46DA-BAE1-2144D63F4C83}.Release|x86.Build.0 = Release|Any CPU
		{ACEF88D5-DADD-46DA-BAE1-2144D63F4C83}.z3apidebug|Any CPU.ActiveCfg = Release|Any CPU
		{ACEF88D5-DADD-46DA-BAE1-2144D63F4C83}.z3apidebug|Any CPU.Build.0 = Release|Any CPU
		{ACEF88D5-DADD-46DA-BAE1-2144D63F4C83}.z3apidebug|Mixed Platforms.ActiveCfg = Release|Any CPU
		{ACEF88D5-DADD-46DA-BAE1-2144D63F4C83}.z3apidebug|Mixed Platforms.Build.0 = Release|Any CPU
		{ACEF88D5-DADD-46DA-BAE1-2144D63F4C83}.z3apidebug|x86.ActiveCfg = Release|Any CPU
		{ACEF88D5-DADD-46DA-BAE1-2144D63F4C83}.z3apidebug|x86.Build.0 = Release|Any CPU
		{AFAA5CE1-C41B-44F0-88F8-FD8A43826D44}.Checked|Any CPU.ActiveCfg = Release|Any CPU
		{AFAA5CE1-C41B-44F0-88F8-FD8A43826D44}.Checked|Any CPU.Build.0 = Release|Any CPU
		{AFAA5CE1-C41B-44F0-88F8-FD8A43826D44}.Checked|Mixed Platforms.ActiveCfg = Release|Any CPU
		{AFAA5CE1-C41B-44F0-88F8-FD8A43826D44}.Checked|Mixed Platforms.Build.0 = Release|Any CPU
		{AFAA5CE1-C41B-44F0-88F8-FD8A43826D44}.Checked|x86.ActiveCfg = Release|Any CPU
		{AFAA5CE1-C41B-44F0-88F8-FD8A43826D44}.Checked|x86.Build.0 = Release|Any CPU
		{AFAA5CE1-C41B-44F0-88F8-FD8A43826D44}.Debug|Any CPU.ActiveCfg = Debug|Any CPU
		{AFAA5CE1-C41B-44F0-88F8-FD8A43826D44}.Debug|Any CPU.Build.0 = Debug|Any CPU
		{AFAA5CE1-C41B-44F0-88F8-FD8A43826D44}.Debug|Mixed Platforms.ActiveCfg = Debug|Any CPU
		{AFAA5CE1-C41B-44F0-88F8-FD8A43826D44}.Debug|Mixed Platforms.Build.0 = Debug|Any CPU
		{AFAA5CE1-C41B-44F0-88F8-FD8A43826D44}.Debug|x86.ActiveCfg = Debug|Any CPU
		{AFAA5CE1-C41B-44F0-88F8-FD8A43826D44}.Debug|x86.Build.0 = Debug|Any CPU
		{AFAA5CE1-C41B-44F0-88F8-FD8A43826D44}.QED|Any CPU.ActiveCfg = QED|Any CPU
		{AFAA5CE1-C41B-44F0-88F8-FD8A43826D44}.QED|Any CPU.Build.0 = QED|Any CPU
		{AFAA5CE1-C41B-44F0-88F8-FD8A43826D44}.QED|x86.ActiveCfg = QED|Any CPU
		{AFAA5CE1-C41B-44F0-88F8-FD8A43826D44}.QED|x86.Build.0 = QED|Any CPU
		{AFAA5CE1-C41B-44F0-88F8-FD8A43826D44}.Release|Any CPU.ActiveCfg = Release|Any CPU
		{AFAA5CE1-C41B-44F0-88F8-FD8A43826D44}.Release|Any CPU.Build.0 = Release|Any CPU
		{AFAA5CE1-C41B-44F0-88F8-FD8A43826D44}.Release|Mixed Platforms.ActiveCfg = Release|Any CPU
		{AFAA5CE1-C41B-44F0-88F8-FD8A43826D44}.Release|Mixed Platforms.Build.0 = Release|Any CPU
		{AFAA5CE1-C41B-44F0-88F8-FD8A43826D44}.Release|x86.ActiveCfg = Release|Any CPU
		{AFAA5CE1-C41B-44F0-88F8-FD8A43826D44}.Release|x86.Build.0 = Release|Any CPU
		{AFAA5CE1-C41B-44F0-88F8-FD8A43826D44}.z3apidebug|Any CPU.ActiveCfg = Release|Any CPU
		{AFAA5CE1-C41B-44F0-88F8-FD8A43826D44}.z3apidebug|Any CPU.Build.0 = Release|Any CPU
		{AFAA5CE1-C41B-44F0-88F8-FD8A43826D44}.z3apidebug|Mixed Platforms.ActiveCfg = Release|Any CPU
		{AFAA5CE1-C41B-44F0-88F8-FD8A43826D44}.z3apidebug|Mixed Platforms.Build.0 = Release|Any CPU
		{AFAA5CE1-C41B-44F0-88F8-FD8A43826D44}.z3apidebug|x86.ActiveCfg = Release|Any CPU
		{AFAA5CE1-C41B-44F0-88F8-FD8A43826D44}.z3apidebug|x86.Build.0 = Release|Any CPU
		{B230A69C-C466-4065-B9C1-84D80E76D802}.Checked|Any CPU.ActiveCfg = Checked|Any CPU
		{B230A69C-C466-4065-B9C1-84D80E76D802}.Checked|Any CPU.Build.0 = Checked|Any CPU
		{B230A69C-C466-4065-B9C1-84D80E76D802}.Checked|Mixed Platforms.ActiveCfg = Checked|Any CPU
		{B230A69C-C466-4065-B9C1-84D80E76D802}.Checked|Mixed Platforms.Build.0 = Checked|Any CPU
		{B230A69C-C466-4065-B9C1-84D80E76D802}.Checked|x86.ActiveCfg = Checked|Any CPU
		{B230A69C-C466-4065-B9C1-84D80E76D802}.Checked|x86.Build.0 = Checked|Any CPU
		{B230A69C-C466-4065-B9C1-84D80E76D802}.Debug|Any CPU.ActiveCfg = Debug|Any CPU
		{B230A69C-C466-4065-B9C1-84D80E76D802}.Debug|Any CPU.Build.0 = Debug|Any CPU
		{B230A69C-C466-4065-B9C1-84D80E76D802}.Debug|Mixed Platforms.ActiveCfg = Debug|Any CPU
		{B230A69C-C466-4065-B9C1-84D80E76D802}.Debug|Mixed Platforms.Build.0 = Debug|Any CPU
		{B230A69C-C466-4065-B9C1-84D80E76D802}.Debug|x86.ActiveCfg = Debug|Any CPU
		{B230A69C-C466-4065-B9C1-84D80E76D802}.Debug|x86.Build.0 = Debug|Any CPU
		{B230A69C-C466-4065-B9C1-84D80E76D802}.QED|Any CPU.ActiveCfg = QED|Any CPU
		{B230A69C-C466-4065-B9C1-84D80E76D802}.QED|Any CPU.Build.0 = QED|Any CPU
		{B230A69C-C466-4065-B9C1-84D80E76D802}.QED|x86.ActiveCfg = QED|Any CPU
		{B230A69C-C466-4065-B9C1-84D80E76D802}.QED|x86.Build.0 = QED|Any CPU
		{B230A69C-C466-4065-B9C1-84D80E76D802}.Release|Any CPU.ActiveCfg = Release|Any CPU
		{B230A69C-C466-4065-B9C1-84D80E76D802}.Release|Any CPU.Build.0 = Release|Any CPU
		{B230A69C-C466-4065-B9C1-84D80E76D802}.Release|Mixed Platforms.ActiveCfg = Release|Any CPU
		{B230A69C-C466-4065-B9C1-84D80E76D802}.Release|Mixed Platforms.Build.0 = Release|Any CPU
		{B230A69C-C466-4065-B9C1-84D80E76D802}.Release|x86.ActiveCfg = Release|Any CPU
		{B230A69C-C466-4065-B9C1-84D80E76D802}.Release|x86.Build.0 = Release|Any CPU
		{B230A69C-C466-4065-B9C1-84D80E76D802}.z3apidebug|Any CPU.ActiveCfg = z3apidebug|Any CPU
		{B230A69C-C466-4065-B9C1-84D80E76D802}.z3apidebug|Any CPU.Build.0 = z3apidebug|Any CPU
		{B230A69C-C466-4065-B9C1-84D80E76D802}.z3apidebug|Mixed Platforms.ActiveCfg = z3apidebug|Any CPU
		{B230A69C-C466-4065-B9C1-84D80E76D802}.z3apidebug|Mixed Platforms.Build.0 = z3apidebug|Any CPU
		{B230A69C-C466-4065-B9C1-84D80E76D802}.z3apidebug|x86.ActiveCfg = z3apidebug|Any CPU
		{B230A69C-C466-4065-B9C1-84D80E76D802}.z3apidebug|x86.Build.0 = z3apidebug|Any CPU
		{CF41E903-78EB-43BA-A355-E5FEB5ECECD4}.Checked|Any CPU.ActiveCfg = Checked|Any CPU
		{CF41E903-78EB-43BA-A355-E5FEB5ECECD4}.Checked|Any CPU.Build.0 = Checked|Any CPU
		{CF41E903-78EB-43BA-A355-E5FEB5ECECD4}.Checked|Mixed Platforms.ActiveCfg = Checked|Any CPU
		{CF41E903-78EB-43BA-A355-E5FEB5ECECD4}.Checked|Mixed Platforms.Build.0 = Checked|Any CPU
		{CF41E903-78EB-43BA-A355-E5FEB5ECECD4}.Checked|x86.ActiveCfg = Checked|Any CPU
		{CF41E903-78EB-43BA-A355-E5FEB5ECECD4}.Checked|x86.Build.0 = Checked|Any CPU
		{CF41E903-78EB-43BA-A355-E5FEB5ECECD4}.Debug|Any CPU.ActiveCfg = Debug|Any CPU
		{CF41E903-78EB-43BA-A355-E5FEB5ECECD4}.Debug|Any CPU.Build.0 = Debug|Any CPU
		{CF41E903-78EB-43BA-A355-E5FEB5ECECD4}.Debug|Mixed Platforms.ActiveCfg = Debug|Any CPU
		{CF41E903-78EB-43BA-A355-E5FEB5ECECD4}.Debug|Mixed Platforms.Build.0 = Debug|Any CPU
		{CF41E903-78EB-43BA-A355-E5FEB5ECECD4}.Debug|x86.ActiveCfg = Debug|Any CPU
		{CF41E903-78EB-43BA-A355-E5FEB5ECECD4}.Debug|x86.Build.0 = Debug|Any CPU
		{CF41E903-78EB-43BA-A355-E5FEB5ECECD4}.QED|Any CPU.ActiveCfg = QED|Any CPU
		{CF41E903-78EB-43BA-A355-E5FEB5ECECD4}.QED|Any CPU.Build.0 = QED|Any CPU
		{CF41E903-78EB-43BA-A355-E5FEB5ECECD4}.QED|x86.ActiveCfg = QED|Any CPU
		{CF41E903-78EB-43BA-A355-E5FEB5ECECD4}.QED|x86.Build.0 = QED|Any CPU
		{CF41E903-78EB-43BA-A355-E5FEB5ECECD4}.Release|Any CPU.ActiveCfg = Release|Any CPU
		{CF41E903-78EB-43BA-A355-E5FEB5ECECD4}.Release|Any CPU.Build.0 = Release|Any CPU
		{CF41E903-78EB-43BA-A355-E5FEB5ECECD4}.Release|Mixed Platforms.ActiveCfg = Release|Any CPU
		{CF41E903-78EB-43BA-A355-E5FEB5ECECD4}.Release|Mixed Platforms.Build.0 = Release|Any CPU
		{CF41E903-78EB-43BA-A355-E5FEB5ECECD4}.Release|x86.ActiveCfg = Release|Any CPU
		{CF41E903-78EB-43BA-A355-E5FEB5ECECD4}.Release|x86.Build.0 = Release|Any CPU
		{CF41E903-78EB-43BA-A355-E5FEB5ECECD4}.z3apidebug|Any CPU.ActiveCfg = Release|Any CPU
		{CF41E903-78EB-43BA-A355-E5FEB5ECECD4}.z3apidebug|Any CPU.Build.0 = Release|Any CPU
		{CF41E903-78EB-43BA-A355-E5FEB5ECECD4}.z3apidebug|Mixed Platforms.ActiveCfg = Release|Any CPU
		{CF41E903-78EB-43BA-A355-E5FEB5ECECD4}.z3apidebug|Mixed Platforms.Build.0 = Release|Any CPU
		{CF41E903-78EB-43BA-A355-E5FEB5ECECD4}.z3apidebug|x86.ActiveCfg = Release|Any CPU
		{CF41E903-78EB-43BA-A355-E5FEB5ECECD4}.z3apidebug|x86.Build.0 = Release|Any CPU
		{D07B8E38-E172-47F4-AD02-0373014A46D3}.Checked|Any CPU.ActiveCfg = Release|Any CPU
		{D07B8E38-E172-47F4-AD02-0373014A46D3}.Checked|Any CPU.Build.0 = Release|Any CPU
		{D07B8E38-E172-47F4-AD02-0373014A46D3}.Checked|Mixed Platforms.ActiveCfg = Release|Any CPU
		{D07B8E38-E172-47F4-AD02-0373014A46D3}.Checked|Mixed Platforms.Build.0 = Release|Any CPU
		{D07B8E38-E172-47F4-AD02-0373014A46D3}.Checked|x86.ActiveCfg = Release|Any CPU
		{D07B8E38-E172-47F4-AD02-0373014A46D3}.Checked|x86.Build.0 = Release|Any CPU
		{D07B8E38-E172-47F4-AD02-0373014A46D3}.Debug|Any CPU.ActiveCfg = Debug|Any CPU
		{D07B8E38-E172-47F4-AD02-0373014A46D3}.Debug|Any CPU.Build.0 = Debug|Any CPU
		{D07B8E38-E172-47F4-AD02-0373014A46D3}.Debug|Mixed Platforms.ActiveCfg = Debug|Any CPU
		{D07B8E38-E172-47F4-AD02-0373014A46D3}.Debug|Mixed Platforms.Build.0 = Debug|Any CPU
		{D07B8E38-E172-47F4-AD02-0373014A46D3}.Debug|x86.ActiveCfg = Debug|Any CPU
		{D07B8E38-E172-47F4-AD02-0373014A46D3}.Debug|x86.Build.0 = Debug|Any CPU
		{D07B8E38-E172-47F4-AD02-0373014A46D3}.QED|Any CPU.ActiveCfg = QED|Any CPU
		{D07B8E38-E172-47F4-AD02-0373014A46D3}.QED|Any CPU.Build.0 = QED|Any CPU
		{D07B8E38-E172-47F4-AD02-0373014A46D3}.QED|x86.ActiveCfg = QED|Any CPU
		{D07B8E38-E172-47F4-AD02-0373014A46D3}.QED|x86.Build.0 = QED|Any CPU
		{D07B8E38-E172-47F4-AD02-0373014A46D3}.Release|Any CPU.ActiveCfg = Release|Any CPU
		{D07B8E38-E172-47F4-AD02-0373014A46D3}.Release|Any CPU.Build.0 = Release|Any CPU
		{D07B8E38-E172-47F4-AD02-0373014A46D3}.Release|Mixed Platforms.ActiveCfg = Release|Any CPU
		{D07B8E38-E172-47F4-AD02-0373014A46D3}.Release|Mixed Platforms.Build.0 = Release|Any CPU
		{D07B8E38-E172-47F4-AD02-0373014A46D3}.Release|x86.ActiveCfg = Release|Any CPU
		{D07B8E38-E172-47F4-AD02-0373014A46D3}.Release|x86.Build.0 = Release|Any CPU
		{D07B8E38-E172-47F4-AD02-0373014A46D3}.z3apidebug|Any CPU.ActiveCfg = Release|Any CPU
		{D07B8E38-E172-47F4-AD02-0373014A46D3}.z3apidebug|Any CPU.Build.0 = Release|Any CPU
		{D07B8E38-E172-47F4-AD02-0373014A46D3}.z3apidebug|Mixed Platforms.ActiveCfg = Release|Any CPU
		{D07B8E38-E172-47F4-AD02-0373014A46D3}.z3apidebug|Mixed Platforms.Build.0 = Release|Any CPU
		{D07B8E38-E172-47F4-AD02-0373014A46D3}.z3apidebug|x86.ActiveCfg = Release|Any CPU
		{D07B8E38-E172-47F4-AD02-0373014A46D3}.z3apidebug|x86.Build.0 = Release|Any CPU
		{DAB6BAA4-7AF7-449F-96AB-F58F34D03A7A}.Checked|Any CPU.ActiveCfg = Checked|Any CPU
		{DAB6BAA4-7AF7-449F-96AB-F58F34D03A7A}.Checked|Any CPU.Build.0 = Checked|Any CPU
		{DAB6BAA4-7AF7-449F-96AB-F58F34D03A7A}.Checked|Mixed Platforms.ActiveCfg = Checked|Any CPU
		{DAB6BAA4-7AF7-449F-96AB-F58F34D03A7A}.Checked|Mixed Platforms.Build.0 = Checked|Any CPU
		{DAB6BAA4-7AF7-449F-96AB-F58F34D03A7A}.Checked|x86.ActiveCfg = Checked|x86
		{DAB6BAA4-7AF7-449F-96AB-F58F34D03A7A}.Checked|x86.Build.0 = Checked|x86
		{DAB6BAA4-7AF7-449F-96AB-F58F34D03A7A}.Debug|Any CPU.ActiveCfg = Debug|Any CPU
		{DAB6BAA4-7AF7-449F-96AB-F58F34D03A7A}.Debug|Any CPU.Build.0 = Debug|Any CPU
		{DAB6BAA4-7AF7-449F-96AB-F58F34D03A7A}.Debug|Mixed Platforms.ActiveCfg = Debug|Any CPU
		{DAB6BAA4-7AF7-449F-96AB-F58F34D03A7A}.Debug|Mixed Platforms.Build.0 = Debug|Any CPU
		{DAB6BAA4-7AF7-449F-96AB-F58F34D03A7A}.Debug|x86.ActiveCfg = Debug|x86
		{DAB6BAA4-7AF7-449F-96AB-F58F34D03A7A}.Debug|x86.Build.0 = Debug|x86
		{DAB6BAA4-7AF7-449F-96AB-F58F34D03A7A}.QED|Any CPU.ActiveCfg = QED|Any CPU
		{DAB6BAA4-7AF7-449F-96AB-F58F34D03A7A}.QED|Any CPU.Build.0 = QED|Any CPU
		{DAB6BAA4-7AF7-449F-96AB-F58F34D03A7A}.QED|x86.ActiveCfg = QED|x86
		{DAB6BAA4-7AF7-449F-96AB-F58F34D03A7A}.QED|x86.Build.0 = QED|x86
		{DAB6BAA4-7AF7-449F-96AB-F58F34D03A7A}.Release|Any CPU.ActiveCfg = Release|Any CPU
		{DAB6BAA4-7AF7-449F-96AB-F58F34D03A7A}.Release|Any CPU.Build.0 = Release|Any CPU
		{DAB6BAA4-7AF7-449F-96AB-F58F34D03A7A}.Release|Mixed Platforms.ActiveCfg = Release|Any CPU
		{DAB6BAA4-7AF7-449F-96AB-F58F34D03A7A}.Release|Mixed Platforms.Build.0 = Release|Any CPU
		{DAB6BAA4-7AF7-449F-96AB-F58F34D03A7A}.Release|x86.ActiveCfg = Release|x86
		{DAB6BAA4-7AF7-449F-96AB-F58F34D03A7A}.Release|x86.Build.0 = Release|x86
		{DAB6BAA4-7AF7-449F-96AB-F58F34D03A7A}.z3apidebug|Any CPU.ActiveCfg = z3apidebug|Any CPU
		{DAB6BAA4-7AF7-449F-96AB-F58F34D03A7A}.z3apidebug|Any CPU.Build.0 = z3apidebug|Any CPU
		{DAB6BAA4-7AF7-449F-96AB-F58F34D03A7A}.z3apidebug|Mixed Platforms.ActiveCfg = z3apidebug|Any CPU
		{DAB6BAA4-7AF7-449F-96AB-F58F34D03A7A}.z3apidebug|Mixed Platforms.Build.0 = z3apidebug|Any CPU
		{DAB6BAA4-7AF7-449F-96AB-F58F34D03A7A}.z3apidebug|x86.ActiveCfg = z3apidebug|x86
		{DAB6BAA4-7AF7-449F-96AB-F58F34D03A7A}.z3apidebug|x86.Build.0 = z3apidebug|x86
		{E1F10180-C7B9-4147-B51F-FA1B701966DC}.Checked|Any CPU.ActiveCfg = Checked|Any CPU
		{E1F10180-C7B9-4147-B51F-FA1B701966DC}.Checked|Any CPU.Build.0 = Checked|Any CPU
		{E1F10180-C7B9-4147-B51F-FA1B701966DC}.Checked|Mixed Platforms.ActiveCfg = Checked|Any CPU
		{E1F10180-C7B9-4147-B51F-FA1B701966DC}.Checked|Mixed Platforms.Build.0 = Checked|Any CPU
		{E1F10180-C7B9-4147-B51F-FA1B701966DC}.Checked|x86.ActiveCfg = Checked|Any CPU
		{E1F10180-C7B9-4147-B51F-FA1B701966DC}.Checked|x86.Build.0 = Checked|Any CPU
		{E1F10180-C7B9-4147-B51F-FA1B701966DC}.Debug|Any CPU.ActiveCfg = Debug|Any CPU
		{E1F10180-C7B9-4147-B51F-FA1B701966DC}.Debug|Any CPU.Build.0 = Debug|Any CPU
		{E1F10180-C7B9-4147-B51F-FA1B701966DC}.Debug|Mixed Platforms.ActiveCfg = Debug|Any CPU
		{E1F10180-C7B9-4147-B51F-FA1B701966DC}.Debug|Mixed Platforms.Build.0 = Debug|Any CPU
		{E1F10180-C7B9-4147-B51F-FA1B701966DC}.Debug|x86.ActiveCfg = Debug|Any CPU
		{E1F10180-C7B9-4147-B51F-FA1B701966DC}.Debug|x86.Build.0 = Debug|Any CPU
		{E1F10180-C7B9-4147-B51F-FA1B701966DC}.QED|Any CPU.ActiveCfg = QED|Any CPU
		{E1F10180-C7B9-4147-B51F-FA1B701966DC}.QED|Any CPU.Build.0 = QED|Any CPU
		{E1F10180-C7B9-4147-B51F-FA1B701966DC}.QED|x86.ActiveCfg = QED|Any CPU
		{E1F10180-C7B9-4147-B51F-FA1B701966DC}.QED|x86.Build.0 = QED|Any CPU
		{E1F10180-C7B9-4147-B51F-FA1B701966DC}.Release|Any CPU.ActiveCfg = Release|Any CPU
		{E1F10180-C7B9-4147-B51F-FA1B701966DC}.Release|Any CPU.Build.0 = Release|Any CPU
		{E1F10180-C7B9-4147-B51F-FA1B701966DC}.Release|Mixed Platforms.ActiveCfg = Release|Any CPU
		{E1F10180-C7B9-4147-B51F-FA1B701966DC}.Release|Mixed Platforms.Build.0 = Release|Any CPU
		{E1F10180-C7B9-4147-B51F-FA1B701966DC}.Release|x86.ActiveCfg = Release|Any CPU
		{E1F10180-C7B9-4147-B51F-FA1B701966DC}.Release|x86.Build.0 = Release|Any CPU
		{E1F10180-C7B9-4147-B51F-FA1B701966DC}.z3apidebug|Any CPU.ActiveCfg = z3apidebug|Any CPU
		{E1F10180-C7B9-4147-B51F-FA1B701966DC}.z3apidebug|Any CPU.Build.0 = z3apidebug|Any CPU
		{E1F10180-C7B9-4147-B51F-FA1B701966DC}.z3apidebug|Mixed Platforms.ActiveCfg = z3apidebug|Any CPU
		{E1F10180-C7B9-4147-B51F-FA1B701966DC}.z3apidebug|Mixed Platforms.Build.0 = z3apidebug|Any CPU
		{E1F10180-C7B9-4147-B51F-FA1B701966DC}.z3apidebug|x86.ActiveCfg = z3apidebug|Any CPU
		{E1F10180-C7B9-4147-B51F-FA1B701966DC}.z3apidebug|x86.Build.0 = z3apidebug|Any CPU
		{E5D16606-06D0-434F-A9D7-7D079BC80229}.Checked|Any CPU.ActiveCfg = Release|Any CPU
		{E5D16606-06D0-434F-A9D7-7D079BC80229}.Checked|Any CPU.Build.0 = Release|Any CPU
		{E5D16606-06D0-434F-A9D7-7D079BC80229}.Checked|Mixed Platforms.ActiveCfg = Release|Any CPU
		{E5D16606-06D0-434F-A9D7-7D079BC80229}.Checked|Mixed Platforms.Build.0 = Release|Any CPU
		{E5D16606-06D0-434F-A9D7-7D079BC80229}.Checked|x86.ActiveCfg = Release|Any CPU
		{E5D16606-06D0-434F-A9D7-7D079BC80229}.Debug|Any CPU.ActiveCfg = Debug|Any CPU
		{E5D16606-06D0-434F-A9D7-7D079BC80229}.Debug|Any CPU.Build.0 = Debug|Any CPU
		{E5D16606-06D0-434F-A9D7-7D079BC80229}.Debug|Mixed Platforms.ActiveCfg = Debug|Any CPU
		{E5D16606-06D0-434F-A9D7-7D079BC80229}.Debug|Mixed Platforms.Build.0 = Debug|Any CPU
		{E5D16606-06D0-434F-A9D7-7D079BC80229}.Debug|x86.ActiveCfg = Debug|x86
		{E5D16606-06D0-434F-A9D7-7D079BC80229}.Debug|x86.Build.0 = Debug|x86
		{E5D16606-06D0-434F-A9D7-7D079BC80229}.QED|Any CPU.ActiveCfg = Debug|x86
		{E5D16606-06D0-434F-A9D7-7D079BC80229}.QED|Any CPU.Build.0 = Debug|x86
		{E5D16606-06D0-434F-A9D7-7D079BC80229}.QED|x86.ActiveCfg = Debug|x86
		{E5D16606-06D0-434F-A9D7-7D079BC80229}.QED|x86.Build.0 = Debug|x86
		{E5D16606-06D0-434F-A9D7-7D079BC80229}.Release|Any CPU.ActiveCfg = Release|Any CPU
		{E5D16606-06D0-434F-A9D7-7D079BC80229}.Release|Any CPU.Build.0 = Release|Any CPU
		{E5D16606-06D0-434F-A9D7-7D079BC80229}.Release|Mixed Platforms.ActiveCfg = Release|Any CPU
		{E5D16606-06D0-434F-A9D7-7D079BC80229}.Release|Mixed Platforms.Build.0 = Release|Any CPU
		{E5D16606-06D0-434F-A9D7-7D079BC80229}.Release|x86.ActiveCfg = Release|x86
		{E5D16606-06D0-434F-A9D7-7D079BC80229}.Release|x86.Build.0 = Release|x86
		{E5D16606-06D0-434F-A9D7-7D079BC80229}.z3apidebug|Any CPU.ActiveCfg = Release|Any CPU
		{E5D16606-06D0-434F-A9D7-7D079BC80229}.z3apidebug|Any CPU.Build.0 = Release|Any CPU
		{E5D16606-06D0-434F-A9D7-7D079BC80229}.z3apidebug|Mixed Platforms.ActiveCfg = Release|Any CPU
		{E5D16606-06D0-434F-A9D7-7D079BC80229}.z3apidebug|Mixed Platforms.Build.0 = Release|Any CPU
		{E5D16606-06D0-434F-A9D7-7D079BC80229}.z3apidebug|x86.ActiveCfg = Release|Any CPU
		{EAA5EB79-D475-4601-A59B-825C191CD25F}.Checked|Any CPU.ActiveCfg = Release|Any CPU
		{EAA5EB79-D475-4601-A59B-825C191CD25F}.Checked|Any CPU.Build.0 = Release|Any CPU
		{EAA5EB79-D475-4601-A59B-825C191CD25F}.Checked|Mixed Platforms.ActiveCfg = Release|Any CPU
		{EAA5EB79-D475-4601-A59B-825C191CD25F}.Checked|Mixed Platforms.Build.0 = Release|Any CPU
		{EAA5EB79-D475-4601-A59B-825C191CD25F}.Checked|x86.ActiveCfg = Release|Any CPU
		{EAA5EB79-D475-4601-A59B-825C191CD25F}.Checked|x86.Build.0 = Release|Any CPU
		{EAA5EB79-D475-4601-A59B-825C191CD25F}.Debug|Any CPU.ActiveCfg = Debug|Any CPU
		{EAA5EB79-D475-4601-A59B-825C191CD25F}.Debug|Any CPU.Build.0 = Debug|Any CPU
		{EAA5EB79-D475-4601-A59B-825C191CD25F}.Debug|Mixed Platforms.ActiveCfg = Debug|Any CPU
		{EAA5EB79-D475-4601-A59B-825C191CD25F}.Debug|Mixed Platforms.Build.0 = Debug|Any CPU
		{EAA5EB79-D475-4601-A59B-825C191CD25F}.Debug|x86.ActiveCfg = Debug|Any CPU
		{EAA5EB79-D475-4601-A59B-825C191CD25F}.Debug|x86.Build.0 = Debug|Any CPU
		{EAA5EB79-D475-4601-A59B-825C191CD25F}.QED|Any CPU.ActiveCfg = QED|Any CPU
		{EAA5EB79-D475-4601-A59B-825C191CD25F}.QED|Any CPU.Build.0 = QED|Any CPU
		{EAA5EB79-D475-4601-A59B-825C191CD25F}.QED|x86.ActiveCfg = QED|Any CPU
		{EAA5EB79-D475-4601-A59B-825C191CD25F}.QED|x86.Build.0 = QED|Any CPU
		{EAA5EB79-D475-4601-A59B-825C191CD25F}.Release|Any CPU.ActiveCfg = Release|Any CPU
		{EAA5EB79-D475-4601-A59B-825C191CD25F}.Release|Any CPU.Build.0 = Release|Any CPU
		{EAA5EB79-D475-4601-A59B-825C191CD25F}.Release|Mixed Platforms.ActiveCfg = Release|Any CPU
		{EAA5EB79-D475-4601-A59B-825C191CD25F}.Release|Mixed Platforms.Build.0 = Release|Any CPU
		{EAA5EB79-D475-4601-A59B-825C191CD25F}.Release|x86.ActiveCfg = Release|Any CPU
		{EAA5EB79-D475-4601-A59B-825C191CD25F}.Release|x86.Build.0 = Release|Any CPU
		{EAA5EB79-D475-4601-A59B-825C191CD25F}.z3apidebug|Any CPU.ActiveCfg = Release|Any CPU
		{EAA5EB79-D475-4601-A59B-825C191CD25F}.z3apidebug|Any CPU.Build.0 = Release|Any CPU
		{EAA5EB79-D475-4601-A59B-825C191CD25F}.z3apidebug|Mixed Platforms.ActiveCfg = Release|Any CPU
		{EAA5EB79-D475-4601-A59B-825C191CD25F}.z3apidebug|Mixed Platforms.Build.0 = Release|Any CPU
		{EAA5EB79-D475-4601-A59B-825C191CD25F}.z3apidebug|x86.ActiveCfg = Release|Any CPU
		{EAA5EB79-D475-4601-A59B-825C191CD25F}.z3apidebug|x86.Build.0 = Release|Any CPU
		{FCD3AC7F-9DFD-46C8-AB1E-09F0B0F16DC5}.Checked|Any CPU.ActiveCfg = Checked|Any CPU
		{FCD3AC7F-9DFD-46C8-AB1E-09F0B0F16DC5}.Checked|Any CPU.Build.0 = Checked|Any CPU
		{FCD3AC7F-9DFD-46C8-AB1E-09F0B0F16DC5}.Checked|Mixed Platforms.ActiveCfg = Checked|Any CPU
		{FCD3AC7F-9DFD-46C8-AB1E-09F0B0F16DC5}.Checked|Mixed Platforms.Build.0 = Checked|Any CPU
		{FCD3AC7F-9DFD-46C8-AB1E-09F0B0F16DC5}.Checked|x86.ActiveCfg = Checked|Any CPU
		{FCD3AC7F-9DFD-46C8-AB1E-09F0B0F16DC5}.Checked|x86.Build.0 = Checked|Any CPU
		{FCD3AC7F-9DFD-46C8-AB1E-09F0B0F16DC5}.Debug|Any CPU.ActiveCfg = Debug|Any CPU
		{FCD3AC7F-9DFD-46C8-AB1E-09F0B0F16DC5}.Debug|Any CPU.Build.0 = Debug|Any CPU
		{FCD3AC7F-9DFD-46C8-AB1E-09F0B0F16DC5}.Debug|Mixed Platforms.ActiveCfg = Debug|Any CPU
		{FCD3AC7F-9DFD-46C8-AB1E-09F0B0F16DC5}.Debug|Mixed Platforms.Build.0 = Debug|Any CPU
		{FCD3AC7F-9DFD-46C8-AB1E-09F0B0F16DC5}.Debug|x86.ActiveCfg = Debug|Any CPU
		{FCD3AC7F-9DFD-46C8-AB1E-09F0B0F16DC5}.Debug|x86.Build.0 = Debug|Any CPU
		{FCD3AC7F-9DFD-46C8-AB1E-09F0B0F16DC5}.QED|Any CPU.ActiveCfg = QED|Any CPU
		{FCD3AC7F-9DFD-46C8-AB1E-09F0B0F16DC5}.QED|Any CPU.Build.0 = QED|Any CPU
		{FCD3AC7F-9DFD-46C8-AB1E-09F0B0F16DC5}.QED|x86.ActiveCfg = QED|Any CPU
		{FCD3AC7F-9DFD-46C8-AB1E-09F0B0F16DC5}.QED|x86.Build.0 = QED|Any CPU
		{FCD3AC7F-9DFD-46C8-AB1E-09F0B0F16DC5}.Release|Any CPU.ActiveCfg = Release|Any CPU
		{FCD3AC7F-9DFD-46C8-AB1E-09F0B0F16DC5}.Release|Any CPU.Build.0 = Release|Any CPU
		{FCD3AC7F-9DFD-46C8-AB1E-09F0B0F16DC5}.Release|Mixed Platforms.ActiveCfg = Release|Any CPU
		{FCD3AC7F-9DFD-46C8-AB1E-09F0B0F16DC5}.Release|Mixed Platforms.Build.0 = Release|Any CPU
		{FCD3AC7F-9DFD-46C8-AB1E-09F0B0F16DC5}.Release|x86.ActiveCfg = Release|Any CPU
		{FCD3AC7F-9DFD-46C8-AB1E-09F0B0F16DC5}.Release|x86.Build.0 = Release|Any CPU
		{FCD3AC7F-9DFD-46C8-AB1E-09F0B0F16DC5}.z3apidebug|Any CPU.ActiveCfg = Release|Any CPU
		{FCD3AC7F-9DFD-46C8-AB1E-09F0B0F16DC5}.z3apidebug|Any CPU.Build.0 = Release|Any CPU
		{FCD3AC7F-9DFD-46C8-AB1E-09F0B0F16DC5}.z3apidebug|Mixed Platforms.ActiveCfg = Release|Any CPU
		{FCD3AC7F-9DFD-46C8-AB1E-09F0B0F16DC5}.z3apidebug|Mixed Platforms.Build.0 = Release|Any CPU
		{FCD3AC7F-9DFD-46C8-AB1E-09F0B0F16DC5}.z3apidebug|x86.ActiveCfg = Release|Any CPU
		{FCD3AC7F-9DFD-46C8-AB1E-09F0B0F16DC5}.z3apidebug|x86.Build.0 = Release|Any CPU
		{FD2A2C67-1BD6-4A1A-B65B-B057267E24A3}.Checked|Any CPU.ActiveCfg = Release|x86
		{FD2A2C67-1BD6-4A1A-B65B-B057267E24A3}.Checked|Any CPU.Build.0 = Release|x86
		{FD2A2C67-1BD6-4A1A-B65B-B057267E24A3}.Checked|Mixed Platforms.ActiveCfg = Release|x86
		{FD2A2C67-1BD6-4A1A-B65B-B057267E24A3}.Checked|Mixed Platforms.Build.0 = Release|x86
		{FD2A2C67-1BD6-4A1A-B65B-B057267E24A3}.Checked|x86.ActiveCfg = Release|x86
		{FD2A2C67-1BD6-4A1A-B65B-B057267E24A3}.Checked|x86.Build.0 = Release|x86
		{FD2A2C67-1BD6-4A1A-B65B-B057267E24A3}.Debug|Any CPU.ActiveCfg = Debug|x86
		{FD2A2C67-1BD6-4A1A-B65B-B057267E24A3}.Debug|Any CPU.Build.0 = Debug|x86
		{FD2A2C67-1BD6-4A1A-B65B-B057267E24A3}.Debug|Mixed Platforms.ActiveCfg = Debug|x86
		{FD2A2C67-1BD6-4A1A-B65B-B057267E24A3}.Debug|Mixed Platforms.Build.0 = Debug|x86
		{FD2A2C67-1BD6-4A1A-B65B-B057267E24A3}.Debug|x86.ActiveCfg = Debug|x86
		{FD2A2C67-1BD6-4A1A-B65B-B057267E24A3}.Debug|x86.Build.0 = Debug|x86
		{FD2A2C67-1BD6-4A1A-B65B-B057267E24A3}.QED|Any CPU.ActiveCfg = Debug|x86
		{FD2A2C67-1BD6-4A1A-B65B-B057267E24A3}.QED|Any CPU.Build.0 = Debug|x86
		{FD2A2C67-1BD6-4A1A-B65B-B057267E24A3}.QED|x86.ActiveCfg = Debug|x86
		{FD2A2C67-1BD6-4A1A-B65B-B057267E24A3}.QED|x86.Build.0 = Debug|x86
		{FD2A2C67-1BD6-4A1A-B65B-B057267E24A3}.Release|Any CPU.ActiveCfg = Release|x86
		{FD2A2C67-1BD6-4A1A-B65B-B057267E24A3}.Release|Any CPU.Build.0 = Release|x86
		{FD2A2C67-1BD6-4A1A-B65B-B057267E24A3}.Release|Mixed Platforms.ActiveCfg = Release|x86
		{FD2A2C67-1BD6-4A1A-B65B-B057267E24A3}.Release|Mixed Platforms.Build.0 = Release|x86
		{FD2A2C67-1BD6-4A1A-B65B-B057267E24A3}.Release|x86.ActiveCfg = Release|x86
		{FD2A2C67-1BD6-4A1A-B65B-B057267E24A3}.Release|x86.Build.0 = Release|x86
		{FD2A2C67-1BD6-4A1A-B65B-B057267E24A3}.z3apidebug|Any CPU.ActiveCfg = Release|x86
		{FD2A2C67-1BD6-4A1A-B65B-B057267E24A3}.z3apidebug|Any CPU.Build.0 = Release|x86
		{FD2A2C67-1BD6-4A1A-B65B-B057267E24A3}.z3apidebug|Mixed Platforms.ActiveCfg = Release|x86
		{FD2A2C67-1BD6-4A1A-B65B-B057267E24A3}.z3apidebug|Mixed Platforms.Build.0 = Release|x86
		{FD2A2C67-1BD6-4A1A-B65B-B057267E24A3}.z3apidebug|x86.ActiveCfg = Release|x86
		{FD2A2C67-1BD6-4A1A-B65B-B057267E24A3}.z3apidebug|x86.Build.0 = Release|x86
	EndGlobalSection
	GlobalSection(NestedProjects) = preSolution
		{B230A69C-C466-4065-B9C1-84D80E76D802} = {8E33BE4E-9981-48D2-86FA-8269D8DBF4D3}
		{0EFA3E43-690B-48DC-A72C-384A3EA7F31F} = {8E33BE4E-9981-48D2-86FA-8269D8DBF4D3}
		{39B0658D-C955-41C5-9A43-48C97A1EF5FD} = {8E33BE4E-9981-48D2-86FA-8269D8DBF4D3}
		{43DFAD18-3E35-4558-9BE2-CAFF6B5BA8A0} = {8E33BE4E-9981-48D2-86FA-8269D8DBF4D3}
		{DAB6BAA4-7AF7-449F-96AB-F58F34D03A7A} = {8E33BE4E-9981-48D2-86FA-8269D8DBF4D3}
		{8A05D14E-F2BF-4890-BBE0-D76B18A50797} = {8E33BE4E-9981-48D2-86FA-8269D8DBF4D3}
		{ACCC0156-0921-43ED-8F67-AD8BDC8CDE31} = {8E33BE4E-9981-48D2-86FA-8269D8DBF4D3}
		{69A2B0B8-BCAC-4101-AE7A-556FCC58C06E} = {8E33BE4E-9981-48D2-86FA-8269D8DBF4D3}
		{FCD3AC7F-9DFD-46C8-AB1E-09F0B0F16DC5} = {8E33BE4E-9981-48D2-86FA-8269D8DBF4D3}
		{D07B8E38-E172-47F4-AD02-0373014A46D3} = {8E33BE4E-9981-48D2-86FA-8269D8DBF4D3}
		{884386A3-58E9-40BB-A273-B24976775553} = {8E33BE4E-9981-48D2-86FA-8269D8DBF4D3}
		{EAA5EB79-D475-4601-A59B-825C191CD25F} = {8E33BE4E-9981-48D2-86FA-8269D8DBF4D3}
		{CF41E903-78EB-43BA-A355-E5FEB5ECECD4} = {8E33BE4E-9981-48D2-86FA-8269D8DBF4D3}
		{AFAA5CE1-C41B-44F0-88F8-FD8A43826D44} = {8E33BE4E-9981-48D2-86FA-8269D8DBF4D3}
		{ACEF88D5-DADD-46DA-BAE1-2144D63F4C83} = {8E33BE4E-9981-48D2-86FA-8269D8DBF4D3}
		{A678C6EB-B329-46A9-BBFC-7585F01ACD7C} = {8E33BE4E-9981-48D2-86FA-8269D8DBF4D3}
		{56FFDBCA-7D14-43B8-A6CA-22A20E417EE1} = {8E33BE4E-9981-48D2-86FA-8269D8DBF4D3}
		{E1F10180-C7B9-4147-B51F-FA1B701966DC} = {8E33BE4E-9981-48D2-86FA-8269D8DBF4D3}
		{1F7E6F04-4B67-42CA-A8B9-984B1438C95C} = {8E33BE4E-9981-48D2-86FA-8269D8DBF4D3}
		{9B163AA3-36BC-4AFB-88AB-79BC9E97E401} = {1F7E6F04-4B67-42CA-A8B9-984B1438C95C}
	EndGlobalSection
	GlobalSection(MonoDevelopProperties) = preSolution
		StartupItem = GPUVerifyVCGen\GPUVerifyVCGen.csproj
		Policies = $0
		$0.TextStylePolicy = $1
		$1.TabWidth = 2
		$1.IndentWidth = 2
		$1.inheritsSet = VisualStudio
		$1.inheritsScope = text/plain
		$1.scope = text/x-csharp
		$0.CSharpFormattingPolicy = $2
		$2.IndentSwitchBody = True
		$2.AnonymousMethodBraceStyle = NextLine
		$2.PropertyBraceStyle = NextLine
		$2.PropertyGetBraceStyle = NextLine
		$2.PropertySetBraceStyle = NextLine
		$2.EventBraceStyle = NextLine
		$2.EventAddBraceStyle = NextLine
		$2.EventRemoveBraceStyle = NextLine
		$2.StatementBraceStyle = NextLine
		$2.ElseNewLinePlacement = NewLine
		$2.CatchNewLinePlacement = NewLine
		$2.FinallyNewLinePlacement = NewLine
		$2.WhileNewLinePlacement = DoNotCare
		$2.ArrayInitializerWrapping = DoNotChange
		$2.ArrayInitializerBraceStyle = NextLine
		$2.BeforeMethodDeclarationParentheses = False
		$2.BeforeMethodCallParentheses = False
		$2.BeforeConstructorDeclarationParentheses = False
		$2.BeforeDelegateDeclarationParentheses = False
		$2.NewParentheses = False
		$2.SpacesBeforeBrackets = False
		$2.inheritsSet = Mono
		$2.inheritsScope = text/x-csharp
		$2.scope = text/x-csharp
		$0.TextStylePolicy = $3
		$3.FileWidth = 120
		$3.TabWidth = 2
		$3.IndentWidth = 1
		$3.NoTabsAfterNonTabs = True
		$3.inheritsSet = VisualStudio
		$3.inheritsScope = text/plain
		$3.scope = text/plain
		$0.StandardHeader = $4
		$4.Text = 
		$4.IncludeInNewFiles = True
		$0.NameConventionPolicy = $5
		$5.Rules = $6
		$6.NamingRule = $7
		$7.Name = Namespaces
		$7.AffectedEntity = Namespace
		$7.VisibilityMask = VisibilityMask
		$7.NamingStyle = PascalCase
		$7.IncludeInstanceMembers = True
		$7.IncludeStaticEntities = True
		$6.NamingRule = $8
		$8.Name = Types
		$8.AffectedEntity = Class, Struct, Enum, Delegate
		$8.VisibilityMask = VisibilityMask
		$8.NamingStyle = PascalCase
		$8.IncludeInstanceMembers = True
		$8.IncludeStaticEntities = True
		$6.NamingRule = $9
		$9.Name = Interfaces
		$9.RequiredPrefixes = $10
		$10.String = I
		$9.AffectedEntity = Interface
		$9.VisibilityMask = VisibilityMask
		$9.NamingStyle = PascalCase
		$9.IncludeInstanceMembers = True
		$9.IncludeStaticEntities = True
		$6.NamingRule = $11
		$11.Name = Attributes
		$11.RequiredSuffixes = $12
		$12.String = Attribute
		$11.AffectedEntity = CustomAttributes
		$11.VisibilityMask = VisibilityMask
		$11.NamingStyle = PascalCase
		$11.IncludeInstanceMembers = True
		$11.IncludeStaticEntities = True
		$6.NamingRule = $13
		$13.Name = Event Arguments
		$13.RequiredSuffixes = $14
		$14.String = EventArgs
		$13.AffectedEntity = CustomEventArgs
		$13.VisibilityMask = VisibilityMask
		$13.NamingStyle = PascalCase
		$13.IncludeInstanceMembers = True
		$13.IncludeStaticEntities = True
		$6.NamingRule = $15
		$15.Name = Exceptions
		$15.RequiredSuffixes = $16
		$16.String = Exception
		$15.AffectedEntity = CustomExceptions
		$15.VisibilityMask = VisibilityMask
		$15.NamingStyle = PascalCase
		$15.IncludeInstanceMembers = True
		$15.IncludeStaticEntities = True
		$6.NamingRule = $17
		$17.Name = Methods
		$17.AffectedEntity = Methods
		$17.VisibilityMask = VisibilityMask
		$17.NamingStyle = PascalCase
		$17.IncludeInstanceMembers = True
		$17.IncludeStaticEntities = True
		$6.NamingRule = $18
		$18.Name = Static Readonly Fields
		$18.AffectedEntity = ReadonlyField
		$18.VisibilityMask = Internal, Protected, Public
		$18.NamingStyle = PascalCase
		$18.IncludeInstanceMembers = False
		$18.IncludeStaticEntities = True
		$6.NamingRule = $19
		$19.Name = Fields (Non Private)
		$19.AffectedEntity = Field
		$19.VisibilityMask = Internal, Protected, Public
		$19.NamingStyle = PascalCase
		$19.IncludeInstanceMembers = True
		$19.IncludeStaticEntities = True
		$6.NamingRule = $20
		$20.Name = ReadOnly Fields (Non Private)
		$20.AffectedEntity = ReadonlyField
		$20.VisibilityMask = Internal, Protected, Public
		$20.NamingStyle = PascalCase
		$20.IncludeInstanceMembers = True
		$20.IncludeStaticEntities = False
		$6.NamingRule = $21
		$21.Name = Fields (Private)
		$21.AllowedPrefixes = $22
		$22.String = _
		$22.String = m_
		$21.AffectedEntity = Field, ReadonlyField
		$21.VisibilityMask = Private
		$21.NamingStyle = CamelCase
		$21.IncludeInstanceMembers = True
		$21.IncludeStaticEntities = False
		$6.NamingRule = $23
		$23.Name = Static Fields (Private)
		$23.AffectedEntity = Field
		$23.VisibilityMask = Private
		$23.NamingStyle = CamelCase
		$23.IncludeInstanceMembers = False
		$23.IncludeStaticEntities = True
		$6.NamingRule = $24
		$24.Name = ReadOnly Fields (Private)
		$24.AllowedPrefixes = $25
		$25.String = _
		$25.String = m_
		$24.AffectedEntity = ReadonlyField
		$24.VisibilityMask = Private
		$24.NamingStyle = CamelCase
		$24.IncludeInstanceMembers = True
		$24.IncludeStaticEntities = False
		$6.NamingRule = $26
		$26.Name = Constant Fields
		$26.AffectedEntity = ConstantField
		$26.VisibilityMask = VisibilityMask
		$26.NamingStyle = PascalCase
		$26.IncludeInstanceMembers = True
		$26.IncludeStaticEntities = True
		$6.NamingRule = $27
		$27.Name = Properties
		$27.AffectedEntity = Property
		$27.VisibilityMask = VisibilityMask
		$27.NamingStyle = PascalCase
		$27.IncludeInstanceMembers = True
		$27.IncludeStaticEntities = True
		$6.NamingRule = $28
		$28.Name = Events
		$28.AffectedEntity = Event
		$28.VisibilityMask = VisibilityMask
		$28.NamingStyle = PascalCase
		$28.IncludeInstanceMembers = True
		$28.IncludeStaticEntities = True
		$6.NamingRule = $29
		$29.Name = Enum Members
		$29.AffectedEntity = EnumMember
		$29.VisibilityMask = VisibilityMask
		$29.NamingStyle = PascalCase
		$29.IncludeInstanceMembers = True
		$29.IncludeStaticEntities = True
		$6.NamingRule = $30
		$30.Name = Parameters
		$30.AffectedEntity = Parameter
		$30.VisibilityMask = VisibilityMask
		$30.NamingStyle = CamelCase
		$30.IncludeInstanceMembers = True
		$30.IncludeStaticEntities = True
		$6.NamingRule = $31
		$31.Name = Type Parameters
		$31.RequiredPrefixes = $32
		$32.String = T
		$31.AffectedEntity = TypeParameter
		$31.VisibilityMask = VisibilityMask
		$31.NamingStyle = PascalCase
		$31.IncludeInstanceMembers = True
		$31.IncludeStaticEntities = True
		$0.DotNetNamingPolicy = $33
		$33.DirectoryNamespaceAssociation = None
		$33.ResourceNamePolicy = FileFormatDefault
	EndGlobalSection
	GlobalSection(SolutionProperties) = preSolution
		HideSolutionNode = FALSE
	EndGlobalSection
EndGlobal
